{
  "nodes": {
    "adaptive-power-manager": {
      "inputs": {
        "nixpkgs": [
          "nixpkgs"
        ]
      },
      "locked": {
        "lastModified": 1791146173,
        "narHash": "sha256-s80AEqrIxUEO4Eg9N/GsfkfBcT2fkdXJSiLKJtWrdAw=",
        "owner": "stubbedev",
        "repo": "adaptive-power-manager",
        "rev": "0294400e762bbd3c0dfe116ea9a27582cfc95a3e",
        "type": "github"
      },
      "original": {
        "owner": "stubbedev",
        "repo": "adaptive-power-manager",
        "type": "github"
      }
    },
    "atlassian-mcp": {
      "inputs": {
        "nixpkgs": [
          "nixpkgs"
        ]
      },
      "locked": {
        "lastModified": 1791181235,
        "narHash": "sha256-XqaMUCw8Nozbj4yVLFWqYZuHMt77x/c+nDdh1bd31fE=",
        "owner": "stubbedev",
        "repo": "atlassian-mcp",
        "rev": "263d559475d892f3f5682517eb6b807677b5b2c9",
        "type": "github"
      },
      "original": {
        "owner": "stubbedev",
        "repo": "atlassian-mcp",
        "type": "github"
      }
    },
    "claude-code": {
      "inputs": {
        "nixpkgs": [
          "nixpkgs"
        ],
        "systems": "systems"
      },
      "locked": {
        "lastModified": 1791071338,
        "narHash": "sha256-YBAFoulgm9qEavWtmb2gHwk7lgpVZL7vtr4+yi6H3UU=",
        "owner": "sadjow",
        "repo": "claude-code-nix",
        "rev": "b17e42820330bd34ab890632c2f6f80daf4e517f",
        "type": "github"
      },
      "original": {
        "owner": "sadjow",
        "repo": "claude-code-nix",
        "type": "github"
      }
    },
    "crane": {
      "locked": {
        "lastModified": 1790899423,
        "narHash": "sha256-THGtz65UGJU+sonZidRboyCMk+9DclpMF7pwL4uDV4M=",
        "owner": "ipetkov",
        "repo": "crane",
        "rev": "47b6b27ed9a3a9181415e4367d0c30ab2a0e0250",
        "type": "github"
      },
      "original": {
        "owner": "ipetkov",
        "repo": "crane",
        "type": "github"
      }
    },
    "crane_2": {
      "locked": {
        "lastModified": 1731098351,
        "narHash": "sha256-HQkYvKvaLQqNa10KEFGgWHfMAbWBfFp+4cAgkut+NNE=",
        "owner": "ipetkov",
        "repo": "crane",
        "rev": "ef80ead953c1b28316cc3f8613904edc2eb90c28",
        "type": "github"
      },
      "original": {
        "owner": "ipetkov",
        "repo": "crane",
        "type": "github"
      }
    },
    "crane_3": {
      "locked": {
        "lastModified": 1790899423,
        "narHash": "sha256-THGtz65UGJU+sonZidRboyCMk+9DclpMF7pwL4uDV4M=",
        "owner": "ipetkov",
        "repo": "crane",
        "rev": "47b6b27ed9a3a9181415e4367d0c30ab2a0e0250",
        "type": "github"
      },
      "original": {
        "owner": "ipetkov",
        "repo": "crane",
        "type": "github"
      }
    },
    "cship": {
      "flake": false,
      "locked": {
        "lastModified": 1788689803,
        "narHash": "sha256-wGav3UXcN8UzeY8vFZgILSi1OZSHk9hqpm9/0P1D36c=",
        "owner": "stephenleo",
        "repo": "cship",
        "rev": "c49ce1920166b109657342ce1a4daf31d2825b6d",
        "type": "github"
      },
      "original": {
        "owner": "stephenleo",
        "repo": "cship",
        "type": "github"
      }
    },
    "disko": {
      "inputs": {
        "nixpkgs": [
          "nixpkgs"
        ]
      },
      "locked": {
        "lastModified": 1789770686,
        "narHash": "sha256-uZkBR7yHdIKUFB5SZdfgh1qkGfI3XmYmI/lTiquxbck=",
        "owner": "nix-community",
        "repo": "disko",
        "rev": "725ea35e410ad83be4931d1bff7e090eacaf3563",
        "type": "github"
      },
      "original": {
        "owner": "nix-community",
        "repo": "disko",
        "type": "github"
      }
    },
    "ds-mcp": {
      "inputs": {
        "crane": "crane",
        "nixpkgs": "nixpkgs"
      },
      "locked": {
        "lastModified": 1791208321,
        "narHash": "sha256-16FjDma1zXY5e0mN++qzxzpaRCgWlm2ay/xgi1rB8H4=",
        "owner": "stubbedev",
        "repo": "ds-mcp",
        "rev": "820eee43edb8cc7ba5eb6fdb9e755188019d173c",
        "type": "github"
      },
      "original": {
        "owner": "stubbedev",
        "repo": "ds-mcp",
        "type": "github"
      }
    },
    "flake-compat": {
      "flake": false,
      "locked": {
        "lastModified": 1696426674,
        "narHash": "sha256-kvjfFW7WAETZlt09AgDn1MrtKzP7t90Vf7vypd3OL1U=",
        "owner": "edolstra",
        "repo": "flake-compat",
        "rev": "0f9255e01c2351cc7d116c072cb317785dd33b33",
        "type": "github"
      },
      "original": {
        "owner": "edolstra",
        "repo": "flake-compat",
        "type": "github"
      }
    },
    "flake-parts": {
      "inputs": {
        "nixpkgs-lib": "nixpkgs-lib"
      },
      "locked": {
        "lastModified": 1790898470,
        "narHash": "sha256-zTwuwezD0w3hpga6a6P8emidzAZFyWqlNeRBlpWOOl8=",
        "owner": "hercules-ci",
        "repo": "flake-parts",
        "rev": "024633cd702b10285db5cb19b40ad48d2399ba60",
        "type": "github"
      },
      "original": {
        "owner": "hercules-ci",
        "repo": "flake-parts",
        "type": "github"
      }
    },
    "flake-parts_2": {
      "inputs": {
        "nixpkgs-lib": [
          "lanzaboote",
          "nixpkgs"
        ]
      },
      "locked": {
        "lastModified": 1730504689,
        "narHash": "sha256-hgmguH29K2fvs9szpq2r3pz2/8cJd2LPS+b4tfNFCwE=",
        "owner": "hercules-ci",
        "repo": "flake-parts",
        "rev": "506278e768c2a08bec68eb62932193e341f55c90",
        "type": "github"
      },
      "original": {
        "owner": "hercules-ci",
        "repo": "flake-parts",
        "type": "github"
      }
    },
    "flake-utils": {
      "inputs": {
        "systems": "systems_2"
      },
      "locked": {
        "lastModified": 1731533236,
        "narHash": "sha256-l0KFg5HjrsfsO/JpG+r7fRrqm12kzFHyUHqHCVpMMbI=",
        "owner": "numtide",
        "repo": "flake-utils",
        "rev": "11707dc2f618dd54ca8739b309ec4fc024de578b",
        "type": "github"
      },
      "original": {
        "owner": "numtide",
        "repo": "flake-utils",
        "type": "github"
      }
    },
    "flake-utils_10": {
      "inputs": {
        "systems": "systems_11"
      },
      "locked": {
        "lastModified": 1731533236,
        "narHash": "sha256-l0KFg5HjrsfsO/JpG+r7fRrqm12kzFHyUHqHCVpMMbI=",
        "owner": "numtide",
        "repo": "flake-utils",
        "rev": "11707dc2f618dd54ca8739b309ec4fc024de578b",
        "type": "github"
      },
      "original": {
        "owner": "numtide",
        "repo": "flake-utils",
        "type": "github"
      }
    },
    "flake-utils_2": {
      "inputs": {
        "systems": "systems_3"
      },
      "locked": {
        "lastModified": 1731533236,
        "narHash": "sha256-l0KFg5HjrsfsO/JpG+r7fRrqm12kzFHyUHqHCVpMMbI=",
        "owner": "numtide",
        "repo": "flake-utils",
        "rev": "11707dc2f618dd54ca8739b309ec4fc024de578b",
        "type": "github"
      },
      "original": {
        "owner": "numtide",
        "repo": "flake-utils",
        "type": "github"
      }
    },
    "flake-utils_3": {
      "inputs": {
        "systems": "systems_4"
      },
      "locked": {
        "lastModified": 1731533236,
        "narHash": "sha256-l0KFg5HjrsfsO/JpG+r7fRrqm12kzFHyUHqHCVpMMbI=",
        "owner": "numtide",
        "repo": "flake-utils",
        "rev": "11707dc2f618dd54ca8739b309ec4fc024de578b",
        "type": "github"
      },
      "original": {
        "owner": "numtide",
        "repo": "flake-utils",
        "type": "github"
      }
    },
    "flake-utils_4": {
      "inputs": {
        "systems": "systems_5"
      },
      "locked": {
        "lastModified": 1731533236,
        "narHash": "sha256-l0KFg5HjrsfsO/JpG+r7fRrqm12kzFHyUHqHCVpMMbI=",
        "owner": "numtide",
        "repo": "flake-utils",
        "rev": "11707dc2f618dd54ca8739b309ec4fc024de578b",
        "type": "github"
      },
      "original": {
        "owner": "numtide",
        "repo": "flake-utils",
        "type": "github"
      }
    },
    "flake-utils_5": {
      "inputs": {
        "systems": "systems_6"
      },
      "locked": {
        "lastModified": 1731533236,
        "narHash": "sha256-l0KFg5HjrsfsO/JpG+r7fRrqm12kzFHyUHqHCVpMMbI=",
        "owner": "numtide",
        "repo": "flake-utils",
        "rev": "11707dc2f618dd54ca8739b309ec4fc024de578b",
        "type": "github"
      },
      "original": {
        "owner": "numtide",
        "repo": "flake-utils",
        "type": "github"
      }
    },
    "flake-utils_6": {
      "inputs": {
        "systems": "systems_7"
      },
      "locked": {
        "lastModified": 1731533236,
        "narHash": "sha256-l0KFg5HjrsfsO/JpG+r7fRrqm12kzFHyUHqHCVpMMbI=",
        "owner": "numtide",
        "repo": "flake-utils",
        "rev": "11707dc2f618dd54ca8739b309ec4fc024de578b",
        "type": "github"
      },
      "original": {
        "owner": "numtide",
        "repo": "flake-utils",
        "type": "github"
      }
    },
    "flake-utils_7": {
      "inputs": {
        "systems": "systems_8"
      },
      "locked": {
        "lastModified": 1731533236,
        "narHash": "sha256-l0KFg5HjrsfsO/JpG+r7fRrqm12kzFHyUHqHCVpMMbI=",
        "owner": "numtide",
        "repo": "flake-utils",
        "rev": "11707dc2f618dd54ca8739b309ec4fc024de578b",
        "type": "github"
      },
      "original": {
        "owner": "numtide",
        "repo": "flake-utils",
        "type": "github"
      }
    },
    "flake-utils_8": {
      "inputs": {
        "systems": "systems_9"
      },
      "locked": {
        "lastModified": 1731533236,
        "narHash": "sha256-l0KFg5HjrsfsO/JpG+r7fRrqm12kzFHyUHqHCVpMMbI=",
        "owner": "numtide",
        "repo": "flake-utils",
        "rev": "11707dc2f618dd54ca8739b309ec4fc024de578b",
        "type": "github"
      },
      "original": {
        "owner": "numtide",
        "repo": "flake-utils",
        "type": "github"
      }
    },
    "flake-utils_9": {
      "inputs": {
        "systems": "systems_10"
      },
      "locked": {
        "lastModified": 1731533236,
        "narHash": "sha256-l0KFg5HjrsfsO/JpG+r7fRrqm12kzFHyUHqHCVpMMbI=",
        "owner": "numtide",
        "repo": "flake-utils",
        "rev": "11707dc2f618dd54ca8739b309ec4fc024de578b",
        "type": "github"
      },
      "original": {
        "owner": "numtide",
        "repo": "flake-utils",
        "type": "github"
      }
    },
    "ghostscript-src": {
      "flake": false,
      "locked": {
        "lastModified": 1773656479,
        "narHash": "sha256-KxFUHhpfp7mMdV13iz0nGqGUPQfFBtn+BX10+p93Z6I=",
        "type": "tarball",
        "url": "https://github.com/ArtifexSoftware/ghostpdl-downloads/releases/download/gs10070/ghostscript-10.07.0.tar.xz"
      },
      "original": {
        "type": "tarball",
        "url": "https://github.com/ArtifexSoftware/ghostpdl-downloads/releases/download/gs10070/ghostscript-10.07.0.tar.xz"
      }
    },
    "gitignore": {
      "inputs": {
        "nixpkgs": [
          "lanzaboote",
          "pre-commit-hooks-nix",
          "nixpkgs"
        ]
      },
      "locked": {
        "lastModified": 1709087332,
        "narHash": "sha256-HG2cCnktfHsKV0s4XW83gU3F57gaTljL9KNSuG6bnQs=",
        "owner": "hercules-ci",
        "repo": "gitignore.nix",
        "rev": "637db329424fd7e46cf4185293b9cc8c88c95394",
        "type": "github"
      },
      "original": {
        "owner": "hercules-ci",
        "repo": "gitignore.nix",
        "type": "github"
      }
    },
    "harness": {
      "inputs": {
        "flake-utils": "flake-utils",
        "nixpkgs": [
          "nixpkgs"
        ]
      },
      "locked": {
        "lastModified": 1791205368,
        "narHash": "sha256-3QmNFGckR5NHYlQedjpWXI38uLA96q4r1kjclKXFIiU=",
        "owner": "stubbedev",
        "repo": "harness",
        "rev": "ca0bf45910df1f84e8b83fc3c6f9f1291b66e82c",
        "type": "github"
      },
      "original": {
        "owner": "stubbedev",
        "repo": "harness",
        "type": "github"
      }
    },
    "home-manager": {
      "inputs": {
        "nixpkgs": [
          "nixpkgs"
        ]
      },
      "locked": {
        "lastModified": 1791163078,
        "narHash": "sha256-DiuwfdoZtEqVRsWuAhXcHa+cfvkr0t/xWW8ugkcxNyI=",
        "owner": "nix-community",
        "repo": "home-manager",
        "rev": "f53f3267f5d009dd8f99443505e609389d7ff267",
        "type": "github"
      },
      "original": {
        "owner": "nix-community",
        "ref": "master",
        "repo": "home-manager",
        "type": "github"
      }
    },
    "home-manager_2": {
      "inputs": {
        "nixpkgs": [
          "impermanence",
          "nixpkgs"
        ]
      },
      "locked": {
        "lastModified": 1768598210,
        "narHash": "sha256-kkgA32s/f4jaa4UG+2f8C225Qvclxnqs76mf8zvTVPg=",
        "owner": "nix-community",
        "repo": "home-manager",
        "rev": "c47b2cc64a629f8e075de52e4742de688f930dc6",
        "type": "github"
      },
      "original": {
        "owner": "nix-community",
        "repo": "home-manager",
        "type": "github"
      }
    },
    "html-to-md": {
      "inputs": {
        "flake-utils": "flake-utils_2",
        "nixpkgs": [
          "nixpkgs"
        ]
      },
      "locked": {
        "lastModified": 1791209336,
        "narHash": "sha256-7idOqNzh/lx3VPng0Rl06EzmbHDmE7Kvg7DeOiFH8qc=",
        "owner": "stubbedev",
        "repo": "html-to-md",
        "rev": "68f07a10d5afd67ed1acba785cbe66b067892b84",
        "type": "github"
      },
      "original": {
        "owner": "stubbedev",
        "repo": "html-to-md",
        "type": "github"
      }
    },
    "imagemagick-src": {
      "flake": false,
      "locked": {
        "lastModified": 1780612020,
        "narHash": "sha256-7z1oIKXZcumsESLrFRvU6z0M8JVsogG7yDWwF62jPwo=",
        "owner": "ImageMagick",
        "repo": "ImageMagick",
        "rev": "04a04eaaa22f721f204c4bf4c6b24b08b1afe5c5",
        "type": "github"
      },
      "original": {
        "owner": "ImageMagick",
        "ref": "7.1.2-25",
        "repo": "ImageMagick",
        "type": "github"
      }
    },
    "impermanence": {
      "inputs": {
        "home-manager": "home-manager_2",
        "nixpkgs": [
          "nixpkgs"
        ]
      },
      "locked": {
        "lastModified": 1769548169,
        "narHash": "sha256-03+JxvzmfwRu+5JafM0DLbxgHttOQZkUtDWBmeUkN8Y=",
        "owner": "nix-community",
        "repo": "impermanence",
        "rev": "7b1d382faf603b6d264f58627330f9faa5cba149",
        "type": "github"
      },
      "original": {
        "owner": "nix-community",
        "repo": "impermanence",
        "type": "github"
      }
    },
    "import-tree": {
      "locked": {
        "lastModified": 1788467110,
        "narHash": "sha256-ljEMTXP/rH0tOvDzc9gzwww6KcHRPRnEHzd9lK48V7s=",
        "owner": "vic",
        "repo": "import-tree",
        "rev": "eb1b52eaecc57f7c136d07ae8a93e724dfecac46",
        "type": "github"
      },
      "original": {
        "owner": "vic",
        "repo": "import-tree",
        "type": "github"
      }
    },
    "jenkins-mcp": {
      "inputs": {
        "flake-utils": "flake-utils_3",
        "nixpkgs": [
          "nixpkgs"
        ]
      },
      "locked": {
        "lastModified": 1791183469,
        "narHash": "sha256-sWovB4mEHFEzI7RviW8TK9zAH8Vb3cwizvG5Gm21Z1A=",
        "owner": "stubbedev",
        "repo": "jenkins-mcp",
        "rev": "4e3958f45452d47cdf318167d7cbbb3028a1f638",
        "type": "github"
      },
      "original": {
        "owner": "stubbedev",
        "repo": "jenkins-mcp",
        "type": "github"
      }
    },
    "lanzaboote": {
      "inputs": {
        "crane": "crane_2",
        "flake-compat": "flake-compat",
        "flake-parts": "flake-parts_2",
        "nixpkgs": [
          "nixpkgs"
        ],
        "pre-commit-hooks-nix": "pre-commit-hooks-nix",
        "rust-overlay": "rust-overlay"
      },
      "locked": {
        "lastModified": 1737639419,
        "narHash": "sha256-AEEDktApTEZ5PZXNDkry2YV2k6t0dTgLPEmAZbnigXU=",
        "owner": "nix-community",
        "repo": "lanzaboote",
        "rev": "a65905a09e2c43ff63be8c0e86a93712361f871e",
        "type": "github"
      },
      "original": {
        "owner": "nix-community",
        "ref": "v0.4.2",
        "repo": "lanzaboote",
        "type": "github"
      }
    },
    "libembroidery-src": {
      "flake": false,
      "locked": {
        "lastModified": 1783200610,
        "narHash": "sha256-2l5fZcZda2+mQPfDddgE9llO5cdp/BHMehjaFsnMRck=",
        "owner": "Embroidermodder",
        "repo": "libembroidery",
        "rev": "1138e043b811f891d2bf88fce5b2e414dac92391",
        "type": "github"
      },
      "original": {
        "owner": "Embroidermodder",
        "repo": "libembroidery",
        "type": "github"
      }
    },
    "mongodb-php-src": {
      "flake": false,
      "locked": {
        "lastModified": 1790264447,
        "narHash": "sha256-U7ZrVbLeoRZsmkkNqazFyUcI/SDtW2gPoNpHC2Z2sLM=",
        "type": "tarball",
        "url": "https://pecl.php.net/get/mongodb"
      },
      "original": {
        "type": "tarball",
        "url": "https://pecl.php.net/get/mongodb"
      }
    },
    "nix-mcp": {
      "inputs": {
        "flake-utils": "flake-utils_4",
        "nixpkgs": [
          "nixpkgs"
        ]
      },
      "locked": {
        "lastModified": 1791209165,
        "narHash": "sha256-QM96Qnr1LZXVoPKY28F8cYnXjJsSzrZDaB4DTbwb2dA=",
        "owner": "stubbedev",
        "repo": "nix-mcp",
        "rev": "2faadee070f75ab6504b02e7d06f8ffb38324dde",
        "type": "github"
      },
      "original": {
        "owner": "stubbedev",
        "repo": "nix-mcp",
        "type": "github"
      }
    },
    "nixgl": {
      "inputs": {
        "flake-utils": "flake-utils_5",
        "nixpkgs": [
          "nixpkgs"
        ]
      },
      "locked": {
        "lastModified": 1780323343,
        "narHash": "sha256-TqVmAh3N0apQNMGxZgMnqVMF0jnAH0B9YfEujqK+Of8=",
        "owner": "KeeTraxx",
        "repo": "nixGL",
        "rev": "51471fb4760efda2defba73bc1c264b7ba5364c2",
        "type": "github"
      },
      "original": {
        "owner": "KeeTraxx",
        "ref": "fix-nvidia-kernel-param",
        "repo": "nixGL",
        "type": "github"
      }
    },
    "nixpkgs": {
      "locked": {
        "lastModified": 1791048980,
        "narHash": "sha256-KgItSKML8Xvte0B7/uGnBDsYzSnnKHcOaiUbgWBXLXw=",
        "owner": "NixOS",
        "repo": "nixpkgs",
        "rev": "a7868a727837f3c09cee2ce0ca671c76b1589fed",
        "type": "github"
      },
      "original": {
        "owner": "NixOS",
        "ref": "nixos-unstable",
        "repo": "nixpkgs",
        "type": "github"
      }
    },
    "nixpkgs-lib": {
      "locked": {
        "lastModified": 1790477367,
        "narHash": "sha256-oujbxmVKDhci2E4EM3KyAbRUgp5/IsCoiA/LfEF7OOk=",
        "owner": "nix-community",
        "repo": "nixpkgs.lib",
        "rev": "f7cd230690d9fc982d06129f9189b101fddcfa3b",
        "type": "github"
      },
      "original": {
        "owner": "nix-community",
        "repo": "nixpkgs.lib",
        "type": "github"
      }
    },
    "nixpkgs-stable": {
      "locked": {
        "lastModified": 1730741070,
        "narHash": "sha256-edm8WG19kWozJ/GqyYx2VjW99EdhjKwbY3ZwdlPAAlo=",
        "owner": "NixOS",
        "repo": "nixpkgs",
        "rev": "d063c1dd113c91ab27959ba540c0d9753409edf3",
        "type": "github"
      },
      "original": {
        "owner": "NixOS",
        "ref": "nixos-24.05",
        "repo": "nixpkgs",
        "type": "github"
      }
    },
    "nixpkgs_2": {
      "locked": {
        "lastModified": 1791048980,
        "narHash": "sha256-KgItSKML8Xvte0B7/uGnBDsYzSnnKHcOaiUbgWBXLXw=",
        "owner": "nixos",
        "repo": "nixpkgs",
        "rev": "a7868a727837f3c09cee2ce0ca671c76b1589fed",
        "type": "github"
      },
      "original": {
        "owner": "nixos",
        "ref": "nixos-unstable",
        "repo": "nixpkgs",
        "type": "github"
      }
    },
    "nixpkgs_3": {
      "locked": {
        "lastModified": 1791130267,
        "narHash": "sha256-1sjwcQMcgAbmiip/VivBSiK8p2bTkQGOvCuO7vnwfx4=",
        "owner": "NixOS",
        "repo": "nixpkgs",
        "rev": "9013764fcc0ea99fa16cf7aa7decf8a5c3889dd2",
        "type": "github"
      },
      "original": {
        "owner": "NixOS",
        "ref": "nixpkgs-unstable",
        "repo": "nixpkgs",
        "type": "github"
      }
    },
    "nixpkgs_4": {
      "locked": {
        "lastModified": 1791161550,
        "narHash": "sha256-hUcT0jKmSHN5XgRW3sSEIIlqsVClkVfToluYtOd56ok=",
        "owner": "NixOS",
        "repo": "nixpkgs",
        "rev": "8c6b39505383e6d5dcb431f00cb3597b71f8045c",
        "type": "github"
      },
      "original": {
        "owner": "NixOS",
        "ref": "nixpkgs-unstable",
        "repo": "nixpkgs",
        "type": "github"
      }
    },
    "notmuch-mcp": {
      "inputs": {
        "flake-utils": "flake-utils_6",
        "nixpkgs": "nixpkgs_3"
      },
      "locked": {
        "lastModified": 1791204683,
        "narHash": "sha256-cPh3vED4FM0GwOv9EDT60J9/r6n/A8Gsf9QvwuRM/LQ=",
        "owner": "stubbedev",
        "repo": "notmuch-mcp",
        "rev": "7dca130420c659a0153ae0bc3281e5620ce93f4e",
        "type": "github"
      },
      "original": {
        "owner": "stubbedev",
        "repo": "notmuch-mcp",
        "type": "github"
      }
    },
    "phpantom_lsp": {
      "inputs": {
        "flake-utils": "flake-utils_7",
        "nixpkgs": [
          "nixpkgs"
        ]
      },
      "locked": {
        "lastModified": 1787187597,
        "narHash": "sha256-P5adooUaNCidGTIh/PDKzwvtIXCQ0y8tUMbLUC4sk98=",
        "owner": "PHPantom-dev",
        "repo": "phpantom_lsp",
        "rev": "533ef884630924b774a2d74ac3d6050f7b3fbce0",
        "type": "github"
      },
      "original": {
        "owner": "PHPantom-dev",
        "ref": "0.10.0",
        "repo": "phpantom_lsp",
        "type": "github"
      }
    },
    "pre-commit-hooks-nix": {
      "inputs": {
        "flake-compat": [
          "lanzaboote",
          "flake-compat"
        ],
        "gitignore": "gitignore",
        "nixpkgs": [
          "lanzaboote",
          "nixpkgs"
        ],
        "nixpkgs-stable": "nixpkgs-stable"
      },
      "locked": {
        "lastModified": 1731363552,
        "narHash": "sha256-vFta1uHnD29VUY4HJOO/D6p6rxyObnf+InnSMT4jlMU=",
        "owner": "cachix",
        "repo": "pre-commit-hooks.nix",
        "rev": "cd1af27aa85026ac759d5d3fccf650abe7e1bbf0",
        "type": "github"
      },
      "original": {
        "owner": "cachix",
        "repo": "pre-commit-hooks.nix",
        "type": "github"
      }
    },
    "root": {
      "inputs": {
        "adaptive-power-manager": "adaptive-power-manager",
        "atlassian-mcp": "atlassian-mcp",
        "claude-code": "claude-code",
        "cship": "cship",
        "disko": "disko",
        "ds-mcp": "ds-mcp",
        "flake-parts": "flake-parts",
        "ghostscript-src": "ghostscript-src",
        "harness": "harness",
        "home-manager": "home-manager",
        "html-to-md": "html-to-md",
        "imagemagick-src": "imagemagick-src",
        "impermanence": "impermanence",
        "import-tree": "import-tree",
        "jenkins-mcp": "jenkins-mcp",
        "lanzaboote": "lanzaboote",
        "libembroidery-src": "libembroidery-src",
        "mongodb-php-src": "mongodb-php-src",
        "nix-mcp": "nix-mcp",
        "nixgl": "nixgl",
        "nixpkgs": "nixpkgs_2",
        "notmuch-mcp": "notmuch-mcp",
        "phpantom_lsp": "phpantom_lsp",
        "sentry-mcp": "sentry-mcp",
        "sops-nix": "sops-nix",
        "srv": "srv",
        "treeman": "treeman",
        "tridactyl-theme-src": "tridactyl-theme-src",
        "wayle": "wayle",
        "wrappers": "wrappers",
        "xilo": "xilo",
        "yayamlls": "yayamlls",
        "zsh-fzf-artisan": "zsh-fzf-artisan",
        "zsh-fzf-npm-run": "zsh-fzf-npm-run",
        "zsh-vim-mode": "zsh-vim-mode"
      }
    },
    "rust-overlay": {
      "inputs": {
        "nixpkgs": [
          "lanzaboote",
          "nixpkgs"
        ]
      },
      "locked": {
        "lastModified": 1731897198,
        "narHash": "sha256-Ou7vLETSKwmE/HRQz4cImXXJBr/k9gp4J4z/PF8LzTE=",
        "owner": "oxalica",
        "repo": "rust-overlay",
        "rev": "0be641045af6d8666c11c2c40e45ffc9667839b5",
        "type": "github"
      },
      "original": {
        "owner": "oxalica",
        "repo": "rust-overlay",
        "type": "github"
      }
    },
    "sentry-mcp": {
      "inputs": {
        "nixpkgs": [
          "nixpkgs"
        ]
      },
      "locked": {
        "lastModified": 1791183482,
        "narHash": "sha256-gboqtW53yWC/48hlHRJlpkjPKd2oow68th2zpcN4mno=",
        "owner": "stubbedev",
        "repo": "sentry-mcp",
        "rev": "131df4a213988ee273018f7311e3209ab85ee340",
        "type": "github"
      },
      "original": {
        "owner": "stubbedev",
        "repo": "sentry-mcp",
        "type": "github"
      }
    },
    "sops-nix": {
      "inputs": {
        "nixpkgs": [
          "nixpkgs"
        ]
      },
      "locked": {
        "lastModified": 1791103873,
        "narHash": "sha256-nFxM+pKoZ8LJAEnUXARyCaOAloWgaW9kZQOSjWzKcTE=",
        "owner": "Mic92",
        "repo": "sops-nix",
        "rev": "dcd241ba97088c22569d1573286e1b9daad340c0",
        "type": "github"
      },
      "original": {
        "owner": "Mic92",
        "repo": "sops-nix",
        "type": "github"
      }
    },
    "srv": {
      "inputs": {
        "flake-utils": "flake-utils_8",
        "nixpkgs": "nixpkgs_4"
      },
      "locked": {
        "lastModified": 1791206286,
        "narHash": "sha256-2jyOiiVIbXeiurmbUH41Ipke9kzAnRLpkK8r6O0G24U=",
        "owner": "stubbedev",
        "repo": "srv",
        "rev": "30598cd89fec3532b1d77d75bed81fe4278eb1fd",
        "type": "github"
      },
      "original": {
        "owner": "stubbedev",
        "repo": "srv",
        "type": "github"
      }
    },
    "systems": {
      "locked": {
        "lastModified": 1681028828,
        "narHash": "sha256-Vy1rq5AaRuLzOxct8nz4T6wlgyUR7zLU309k9mBC768=",
        "owner": "nix-systems",
        "repo": "default",
        "rev": "da67096a3b9bf56a91d16901293e51ba5b49a27e",
        "type": "github"
      },
      "original": {
        "owner": "nix-systems",
        "repo": "default",
        "type": "github"
      }
    },
    "systems_10": {
      "locked": {
        "lastModified": 1681028828,
        "narHash": "sha256-Vy1rq5AaRuLzOxct8nz4T6wlgyUR7zLU309k9mBC768=",
        "owner": "nix-systems",
        "repo": "default",
        "rev": "da67096a3b9bf56a91d16901293e51ba5b49a27e",
        "type": "github"
      },
      "original": {
        "owner": "nix-systems",
        "repo": "default",
        "type": "github"
      }
    },
    "systems_11": {
      "locked": {
        "lastModified": 1681028828,
        "narHash": "sha256-Vy1rq5AaRuLzOxct8nz4T6wlgyUR7zLU309k9mBC768=",
        "owner": "nix-systems",
        "repo": "default",
        "rev": "da67096a3b9bf56a91d16901293e51ba5b49a27e",
        "type": "github"
      },
      "original": {
        "owner": "nix-systems",
        "repo": "default",
        "type": "github"
      }
    },
    "systems_2": {
      "locked": {
        "lastModified": 1681028828,
        "narHash": "sha256-Vy1rq5AaRuLzOxct8nz4T6wlgyUR7zLU309k9mBC768=",
        "owner": "nix-systems",
        "repo": "default",
        "rev": "da67096a3b9bf56a91d16901293e51ba5b49a27e",
        "type": "github"
      },
      "original": {
        "owner": "nix-systems",
        "repo": "default",
        "type": "github"
      }
    },
    "systems_3": {
      "locked": {
        "lastModified": 1681028828,
        "narHash": "sha256-Vy1rq5AaRuLzOxct8nz4T6wlgyUR7zLU309k9mBC768=",
        "owner": "nix-systems",
        "repo": "default",
        "rev": "da67096a3b9bf56a91d16901293e51ba5b49a27e",
        "type": "github"
      },
      "original": {
        "owner": "nix-systems",
        "repo": "default",
        "type": "github"
      }
    },
    "systems_4": {
      "locked": {
        "lastModified": 1681028828,
        "narHash": "sha256-Vy1rq5AaRuLzOxct8nz4T6wlgyUR7zLU309k9mBC768=",
        "owner": "nix-systems",
        "repo": "default",
        "rev": "da67096a3b9bf56a91d16901293e51ba5b49a27e",
        "type": "github"
      },
      "original": {
        "owner": "nix-systems",
        "repo": "default",
        "type": "github"
      }
    },
    "systems_5": {
      "locked": {
        "lastModified": 1681028828,
        "narHash": "sha256-Vy1rq5AaRuLzOxct8nz4T6wlgyUR7zLU309k9mBC768=",
        "owner": "nix-systems",
        "repo": "default",
        "rev": "da67096a3b9bf56a91d16901293e51ba5b49a27e",
        "type": "github"
      },
      "original": {
        "owner": "nix-systems",
        "repo": "default",
        "type": "github"
      }
    },
    "systems_6": {
      "locked": {
        "lastModified": 1681028828,
        "narHash": "sha256-Vy1rq5AaRuLzOxct8nz4T6wlgyUR7zLU309k9mBC768=",
        "owner": "nix-systems",
        "repo": "default",
        "rev": "da67096a3b9bf56a91d16901293e51ba5b49a27e",
        "type": "github"
      },
      "original": {
        "owner": "nix-systems",
        "repo": "default",
        "type": "github"
      }
    },
    "systems_7": {
      "locked": {
        "lastModified": 1681028828,
        "narHash": "sha256-Vy1rq5AaRuLzOxct8nz4T6wlgyUR7zLU309k9mBC768=",
        "owner": "nix-systems",
        "repo": "default",
        "rev": "da67096a3b9bf56a91d16901293e51ba5b49a27e",
        "type": "github"
      },
      "original": {
        "owner": "nix-systems",
        "repo": "default",
        "type": "github"
      }
    },
    "systems_8": {
      "locked": {
        "lastModified": 1681028828,
        "narHash": "sha256-Vy1rq5AaRuLzOxct8nz4T6wlgyUR7zLU309k9mBC768=",
        "owner": "nix-systems",
        "repo": "default",
        "rev": "da67096a3b9bf56a91d16901293e51ba5b49a27e",
        "type": "github"
      },
      "original": {
        "owner": "nix-systems",
        "repo": "default",
        "type": "github"
      }
    },
    "systems_9": {
      "locked": {
        "lastModified": 1681028828,
        "narHash": "sha256-Vy1rq5AaRuLzOxct8nz4T6wlgyUR7zLU309k9mBC768=",
        "owner": "nix-systems",
        "repo": "default",
        "rev": "da67096a3b9bf56a91d16901293e51ba5b49a27e",
        "type": "github"
      },
      "original": {
        "owner": "nix-systems",
        "repo": "default",
        "type": "github"
      }
    },
    "treeman": {
      "inputs": {
        "flake-utils": "flake-utils_9",
        "nixpkgs": [
          "nixpkgs"
        ]
      },
      "locked": {
        "lastModified": 1791208694,
        "narHash": "sha256-HYNkK2rY98sjHbCyCEhPc3IaT8MpVZc7npH2VsP5rLM=",
        "owner": "stubbedev",
        "repo": "treeman",
        "rev": "5cbfbba8b186e01e819aede36c99abb37a3dd55a",
        "type": "github"
      },
      "original": {
        "owner": "stubbedev",
        "repo": "treeman",
        "type": "github"
      }
    },
    "tridactyl-theme-src": {
      "flake": false,
      "locked": {
        "lastModified": 1780750713,
        "narHash": "sha256-YGleO6ZGUi8r6HhPbIjjr9hVh1M80qxqAdOcKU7yuvo=",
        "owner": "devnullvoid",
        "repo": "tridactyl",
        "rev": "5066fe2b1cfe5abb7eb9fd3a58512a75a51221c9",
        "type": "github"
      },
      "original": {
        "owner": "devnullvoid",
        "repo": "tridactyl",
        "type": "github"
      }
    },
    "wayle": {
      "inputs": {
        "crane": "crane_3",
        "nixpkgs": [
          "nixpkgs"
        ]
      },
      "locked": {
        "lastModified": 1791209198,
        "narHash": "sha256-7xDjMWfI8yhRHdEVHnEE7qqxkcPI6Ajh51y855ExvF4=",
        "ref": "master",
        "rev": "3242eeb1bb384cfcb377d4ed61bd76049c95f0b6",
        "revCount": 966,
        "submodules": true,
        "type": "git",
        "url": "https://github.com/stubbedev/wayle.git"
      },
      "original": {
        "ref": "master",
        "submodules": true,
        "type": "git",
        "url": "https://github.com/stubbedev/wayle.git"
      }
    },
    "wrappers": {
      "inputs": {
        "nixpkgs": [
          "nixpkgs"
        ]
      },
      "locked": {
        "lastModified": 1788981141,
        "narHash": "sha256-7xWS16u13YGlRNKWaAPzRbEyh4OLOXJe31k7h4AnXNU=",
        "owner": "BirdeeHub",
        "repo": "nix-wrapper-modules",
        "rev": "1db3c116a6aa61823f8d8f3c47c306846428fc54",
        "type": "github"
      },
      "original": {
        "owner": "BirdeeHub",
        "repo": "nix-wrapper-modules",
        "type": "github"
      }
    },
    "xilo": {
      "inputs": {
        "flake-utils": "flake-utils_10",
        "nixpkgs": [
          "nixpkgs"
        ]
      },
      "locked": {
        "lastModified": 1791211768,
        "narHash": "sha256-fe67CIWbbk5R+qQ6TKlqo/jihUdusUrvhIjUC9wSekE=",
        "owner": "stubbedev",
        "repo": "xilo",
        "rev": "c3554e7513151f48a5209be0563a3000b4a4fc9d",
        "type": "github"
      },
      "original": {
        "owner": "stubbedev",
        "repo": "xilo",
        "type": "github"
      }
    },
    "yayamlls": {
      "flake": false,
      "locked": {
        "lastModified": 1790547496,
        "narHash": "sha256-8LPRWw6VKOXbWOxacFMfnYviaRJ/SUyOSv3l0S/ef7w=",
        "type": "tarball",
        "url": "https://github.com/home-operations/yayamlls/releases/download/0.3.2/yayamlls_0.3.2_linux_amd64.tar.gz"
      },
      "original": {
        "type": "tarball",
        "url": "https://github.com/home-operations/yayamlls/releases/download/0.3.2/yayamlls_0.3.2_linux_amd64.tar.gz"
      }
    },
    "zsh-fzf-artisan": {
      "flake": false,
      "locked": {
        "lastModified": 1791208216,
        "narHash": "sha256-tXP+CiqtCX40YJLZe0v4i+4BxVe0Z2Y0K9eDKLWCZfA=",
        "owner": "stubbedev",
        "repo": "zsh-fzf-artisan",
        "rev": "7a1e9c83b375b346301195a57257f38286172e17",
        "type": "github"
      },
      "original": {
        "owner": "stubbedev",
        "repo": "zsh-fzf-artisan",
        "type": "github"
      }
    },
    "zsh-fzf-npm-run": {
      "flake": false,
      "locked": {
        "lastModified": 1791206661,
        "narHash": "sha256-9DotZifTvme7B4bf5uAehUOVupEfQeYi91eEnXok3PI=",
        "owner": "stubbedev",
        "repo": "zsh-fzf-npm-run",
        "rev": "d76bda214ec0230c9ef5b23bd39ba5b6dd4b8a38",
        "type": "github"
      },
      "original": {
        "owner": "stubbedev",
        "repo": "zsh-fzf-npm-run",
        "type": "github"
      }
    },
    "zsh-vim-mode": {
      "flake": false,
      "locked": {
        "lastModified": 1772644305,
        "narHash": "sha256-thpKyMw6ozYqqINchu4QL+4yo49f5Dv5pE3c54Cc2uc=",
        "owner": "softmoth",
        "repo": "zsh-vim-mode",
        "rev": "7db6c2c8fced78ea2131a4c5236a901a0a2ae2f5",
        "type": "github"
      },
      "original": {
        "owner": "softmoth",
        "repo": "zsh-vim-mode",
        "type": "github"
      }
    }
  },
  "root": "root",
  "version": 7
}
