{
  "nodes": {
    "aquamarine": {
      "inputs": {
        "hyprutils": [
          "hyprland",
          "hyprutils"
        ],
        "hyprwayland-scanner": [
          "hyprland",
          "hyprwayland-scanner"
        ],
        "nixpkgs": [
          "hyprland",
          "nixpkgs"
        ],
        "systems": [
          "hyprland",
          "systems"
        ]
      },
      "locked": {
        "lastModified": 1781194626,
        "narHash": "sha256-cUQENbJn0PHQUttXame5+PbGGew+BckHZFTfpb8XGI8=",
        "owner": "hyprwm",
        "repo": "aquamarine",
        "rev": "06669631175b4db2383b94e7f8c13f45a9d28757",
        "type": "github"
      },
      "original": {
        "owner": "hyprwm",
        "repo": "aquamarine",
        "type": "github"
      }
    },
    "aquamarine_2": {
      "inputs": {
        "hyprutils": [
          "hyprland-guiutils",
          "hyprutils"
        ],
        "hyprwayland-scanner": [
          "hyprland-guiutils",
          "hyprwayland-scanner"
        ],
        "nixpkgs": [
          "hyprland-guiutils",
          "nixpkgs"
        ],
        "systems": [
          "hyprland-guiutils",
          "systems"
        ]
      },
      "locked": {
        "lastModified": 1782073106,
        "narHash": "sha256-dnS5SaZlPqR1E0dPXaPc+lFkBwLUbAgbwsVMk7uA6dY=",
        "owner": "hyprwm",
        "repo": "aquamarine",
        "rev": "6d6e2384f381def4ea4ea81543cba4bbdac72457",
        "type": "github"
      },
      "original": {
        "owner": "hyprwm",
        "repo": "aquamarine",
        "type": "github"
      }
    },
    "atlassian-mcp": {
      "inputs": {
        "nixpkgs": [
          "nixpkgs"
        ]
      },
      "locked": {
        "lastModified": 1783401494,
        "narHash": "sha256-MrbxCaibRCAsx/3Uoz4gkIHJAPkt0j5L2e2lzBc0GKg=",
        "owner": "stubbedev",
        "repo": "atlassian-mcp",
        "rev": "8f58b39ae8a219056cedc1d9d81bb647c330eadc",
        "type": "github"
      },
      "original": {
        "owner": "stubbedev",
        "repo": "atlassian-mcp",
        "type": "github"
      }
    },
    "crane": {
      "locked": {
        "lastModified": 1731098351,
        "narHash": "sha256-HQkYvKvaLQqNa10KEFGgWHfMAbWBfFp+4cAgkut+NNE=",
        "owner": "ipetkov",
        "repo": "crane",
        "rev": "ef80ead953c1b28316cc3f8613904edc2eb90c28",
        "type": "github"
      },
      "original": {
        "owner": "ipetkov",
        "repo": "crane",
        "type": "github"
      }
    },
    "crane_2": {
      "locked": {
        "lastModified": 1780532242,
        "narHash": "sha256-D+BsdpxmtUwtqGoY0IXPhHgTlmqgcZKCEo1oMyn7ep0=",
        "owner": "ipetkov",
        "repo": "crane",
        "rev": "59a82a1222dd3b2080b5cc52a1a2e8d5f1b77f37",
        "type": "github"
      },
      "original": {
        "owner": "ipetkov",
        "repo": "crane",
        "type": "github"
      }
    },
    "cship": {
      "flake": false,
      "locked": {
        "lastModified": 1782694748,
        "narHash": "sha256-bZaXHsShsd4M+vxz5ZfwXqy+awHuYp6zZczx+46OR0Y=",
        "owner": "stephenleo",
        "repo": "cship",
        "rev": "b297fdf079371eb5b750cb71fd55441d3516022d",
        "type": "github"
      },
      "original": {
        "owner": "stephenleo",
        "repo": "cship",
        "type": "github"
      }
    },
    "disko": {
      "inputs": {
        "nixpkgs": [
          "nixpkgs"
        ]
      },
      "locked": {
        "lastModified": 1781152676,
        "narHash": "sha256-RxWs5ND31KzTG7wvMM+PMfUjyNpmIEr999lqNARaM5o=",
        "owner": "nix-community",
        "repo": "disko",
        "rev": "ff8702b4de27f72b4c78573dfb89ec74e36abdf1",
        "type": "github"
      },
      "original": {
        "owner": "nix-community",
        "repo": "disko",
        "type": "github"
      }
    },
    "ds-mcp": {
      "inputs": {
        "nixpkgs": "nixpkgs"
      },
      "locked": {
        "lastModified": 1783487353,
        "narHash": "sha256-gc4vKkZcxpUDO7LlqKxwsVbbaH8ymLpnmUnTp9xKmAo=",
        "owner": "stubbedev",
        "repo": "ds-mcp",
        "rev": "79c045cf864a32be1a0b8230e42b8b68ec16a720",
        "type": "github"
      },
      "original": {
        "owner": "stubbedev",
        "repo": "ds-mcp",
        "type": "github"
      }
    },
    "fenix": {
      "inputs": {
        "nixpkgs": "nixpkgs_2",
        "rust-analyzer-src": "rust-analyzer-src"
      },
      "locked": {
        "lastModified": 1782900513,
        "narHash": "sha256-GHrsl1+ysDFgmDQtQSqWS7TiYD2Q58VlwLvnf1+crJM=",
        "owner": "nix-community",
        "repo": "fenix",
        "rev": "16810aa8f4ad89ca480b1513774e8b6f485fe368",
        "type": "github"
      },
      "original": {
        "owner": "nix-community",
        "repo": "fenix",
        "type": "github"
      }
    },
    "flake-compat": {
      "flake": false,
      "locked": {
        "lastModified": 1767039857,
        "narHash": "sha256-vNpUSpF5Nuw8xvDLj2KCwwksIbjua2LZCqhV1LNRDns=",
        "owner": "NixOS",
        "repo": "flake-compat",
        "rev": "5edf11c44bc78a0d334f6334cdaf7d60d732daab",
        "type": "github"
      },
      "original": {
        "owner": "NixOS",
        "repo": "flake-compat",
        "type": "github"
      }
    },
    "flake-compat_2": {
      "flake": false,
      "locked": {
        "lastModified": 1696426674,
        "narHash": "sha256-kvjfFW7WAETZlt09AgDn1MrtKzP7t90Vf7vypd3OL1U=",
        "owner": "edolstra",
        "repo": "flake-compat",
        "rev": "0f9255e01c2351cc7d116c072cb317785dd33b33",
        "type": "github"
      },
      "original": {
        "owner": "edolstra",
        "repo": "flake-compat",
        "type": "github"
      }
    },
    "flake-parts": {
      "inputs": {
        "nixpkgs-lib": "nixpkgs-lib"
      },
      "locked": {
        "lastModified": 1782949081,
        "narHash": "sha256-vp6Y/Grm98ESt6ceOkWiHWyZRDV3J1RID4w+6NWK9yA=",
        "owner": "hercules-ci",
        "repo": "flake-parts",
        "rev": "17c9d6cdfc60c64f4ee8d306f9bc0b4ccb51481e",
        "type": "github"
      },
      "original": {
        "owner": "hercules-ci",
        "repo": "flake-parts",
        "type": "github"
      }
    },
    "flake-parts_2": {
      "inputs": {
        "nixpkgs-lib": [
          "lanzaboote",
          "nixpkgs"
        ]
      },
      "locked": {
        "lastModified": 1730504689,
        "narHash": "sha256-hgmguH29K2fvs9szpq2r3pz2/8cJd2LPS+b4tfNFCwE=",
        "owner": "hercules-ci",
        "repo": "flake-parts",
        "rev": "506278e768c2a08bec68eb62932193e341f55c90",
        "type": "github"
      },
      "original": {
        "owner": "hercules-ci",
        "repo": "flake-parts",
        "type": "github"
      }
    },
    "flake-utils": {
      "inputs": {
        "systems": "systems"
      },
      "locked": {
        "lastModified": 1731533236,
        "narHash": "sha256-l0KFg5HjrsfsO/JpG+r7fRrqm12kzFHyUHqHCVpMMbI=",
        "owner": "numtide",
        "repo": "flake-utils",
        "rev": "11707dc2f618dd54ca8739b309ec4fc024de578b",
        "type": "github"
      },
      "original": {
        "owner": "numtide",
        "repo": "flake-utils",
        "type": "github"
      }
    },
    "flake-utils_2": {
      "inputs": {
        "systems": "systems_4"
      },
      "locked": {
        "lastModified": 1731533236,
        "narHash": "sha256-l0KFg5HjrsfsO/JpG+r7fRrqm12kzFHyUHqHCVpMMbI=",
        "owner": "numtide",
        "repo": "flake-utils",
        "rev": "11707dc2f618dd54ca8739b309ec4fc024de578b",
        "type": "github"
      },
      "original": {
        "owner": "numtide",
        "repo": "flake-utils",
        "type": "github"
      }
    },
    "flake-utils_3": {
      "inputs": {
        "systems": "systems_5"
      },
      "locked": {
        "lastModified": 1731533236,
        "narHash": "sha256-l0KFg5HjrsfsO/JpG+r7fRrqm12kzFHyUHqHCVpMMbI=",
        "owner": "numtide",
        "repo": "flake-utils",
        "rev": "11707dc2f618dd54ca8739b309ec4fc024de578b",
        "type": "github"
      },
      "original": {
        "owner": "numtide",
        "repo": "flake-utils",
        "type": "github"
      }
    },
    "flake-utils_4": {
      "inputs": {
        "systems": "systems_6"
      },
      "locked": {
        "lastModified": 1731533236,
        "narHash": "sha256-l0KFg5HjrsfsO/JpG+r7fRrqm12kzFHyUHqHCVpMMbI=",
        "owner": "numtide",
        "repo": "flake-utils",
        "rev": "11707dc2f618dd54ca8739b309ec4fc024de578b",
        "type": "github"
      },
      "original": {
        "owner": "numtide",
        "repo": "flake-utils",
        "type": "github"
      }
    },
    "flake-utils_5": {
      "inputs": {
        "systems": "systems_7"
      },
      "locked": {
        "lastModified": 1731533236,
        "narHash": "sha256-l0KFg5HjrsfsO/JpG+r7fRrqm12kzFHyUHqHCVpMMbI=",
        "owner": "numtide",
        "repo": "flake-utils",
        "rev": "11707dc2f618dd54ca8739b309ec4fc024de578b",
        "type": "github"
      },
      "original": {
        "owner": "numtide",
        "repo": "flake-utils",
        "type": "github"
      }
    },
    "flake-utils_6": {
      "inputs": {
        "systems": "systems_8"
      },
      "locked": {
        "lastModified": 1731533236,
        "narHash": "sha256-l0KFg5HjrsfsO/JpG+r7fRrqm12kzFHyUHqHCVpMMbI=",
        "owner": "numtide",
        "repo": "flake-utils",
        "rev": "11707dc2f618dd54ca8739b309ec4fc024de578b",
        "type": "github"
      },
      "original": {
        "owner": "numtide",
        "repo": "flake-utils",
        "type": "github"
      }
    },
    "flake-utils_7": {
      "inputs": {
        "systems": "systems_9"
      },
      "locked": {
        "lastModified": 1731533236,
        "narHash": "sha256-l0KFg5HjrsfsO/JpG+r7fRrqm12kzFHyUHqHCVpMMbI=",
        "owner": "numtide",
        "repo": "flake-utils",
        "rev": "11707dc2f618dd54ca8739b309ec4fc024de578b",
        "type": "github"
      },
      "original": {
        "owner": "numtide",
        "repo": "flake-utils",
        "type": "github"
      }
    },
    "flake-utils_8": {
      "inputs": {
        "systems": "systems_10"
      },
      "locked": {
        "lastModified": 1731533236,
        "narHash": "sha256-l0KFg5HjrsfsO/JpG+r7fRrqm12kzFHyUHqHCVpMMbI=",
        "owner": "numtide",
        "repo": "flake-utils",
        "rev": "11707dc2f618dd54ca8739b309ec4fc024de578b",
        "type": "github"
      },
      "original": {
        "owner": "numtide",
        "repo": "flake-utils",
        "type": "github"
      }
    },
    "flake-utils_9": {
      "inputs": {
        "systems": "systems_11"
      },
      "locked": {
        "lastModified": 1731533236,
        "narHash": "sha256-l0KFg5HjrsfsO/JpG+r7fRrqm12kzFHyUHqHCVpMMbI=",
        "owner": "numtide",
        "repo": "flake-utils",
        "rev": "11707dc2f618dd54ca8739b309ec4fc024de578b",
        "type": "github"
      },
      "original": {
        "owner": "numtide",
        "repo": "flake-utils",
        "type": "github"
      }
    },
    "gitignore": {
      "inputs": {
        "nixpkgs": [
          "hyprland",
          "pre-commit-hooks",
          "nixpkgs"
        ]
      },
      "locked": {
        "lastModified": 1709087332,
        "narHash": "sha256-HG2cCnktfHsKV0s4XW83gU3F57gaTljL9KNSuG6bnQs=",
        "owner": "hercules-ci",
        "repo": "gitignore.nix",
        "rev": "637db329424fd7e46cf4185293b9cc8c88c95394",
        "type": "github"
      },
      "original": {
        "owner": "hercules-ci",
        "repo": "gitignore.nix",
        "type": "github"
      }
    },
    "gitignore_2": {
      "inputs": {
        "nixpkgs": [
          "lanzaboote",
          "pre-commit-hooks-nix",
          "nixpkgs"
        ]
      },
      "locked": {
        "lastModified": 1709087332,
        "narHash": "sha256-HG2cCnktfHsKV0s4XW83gU3F57gaTljL9KNSuG6bnQs=",
        "owner": "hercules-ci",
        "repo": "gitignore.nix",
        "rev": "637db329424fd7e46cf4185293b9cc8c88c95394",
        "type": "github"
      },
      "original": {
        "owner": "hercules-ci",
        "repo": "gitignore.nix",
        "type": "github"
      }
    },
    "home-manager": {
      "inputs": {
        "nixpkgs": [
          "nixpkgs"
        ]
      },
      "locked": {
        "lastModified": 1783550008,
        "narHash": "sha256-qbbZUk9IG9dLNwCPwdPBs6I5clxwugRpP+1YU+GPK20=",
        "owner": "nix-community",
        "repo": "home-manager",
        "rev": "f4d01c1d87c7c2ec909549165d5a8338f1bd3315",
        "type": "github"
      },
      "original": {
        "owner": "nix-community",
        "ref": "master",
        "repo": "home-manager",
        "type": "github"
      }
    },
    "home-manager_2": {
      "inputs": {
        "nixpkgs": [
          "impermanence",
          "nixpkgs"
        ]
      },
      "locked": {
        "lastModified": 1768598210,
        "narHash": "sha256-kkgA32s/f4jaa4UG+2f8C225Qvclxnqs76mf8zvTVPg=",
        "owner": "nix-community",
        "repo": "home-manager",
        "rev": "c47b2cc64a629f8e075de52e4742de688f930dc6",
        "type": "github"
      },
      "original": {
        "owner": "nix-community",
        "repo": "home-manager",
        "type": "github"
      }
    },
    "html-to-md": {
      "inputs": {
        "flake-utils": "flake-utils",
        "nixpkgs": [
          "nixpkgs"
        ]
      },
      "locked": {
        "lastModified": 1783324026,
        "narHash": "sha256-N5xx1M6f8FwDGFfZ3VO45W5V6JSVDMEVstmwNkmA1ts=",
        "owner": "stubbedev",
        "repo": "html-to-md",
        "rev": "d09866253486aff0d2b23e4a0e867d464370839f",
        "type": "github"
      },
      "original": {
        "owner": "stubbedev",
        "repo": "html-to-md",
        "type": "github"
      }
    },
    "hy3": {
      "inputs": {
        "hyprland": [
          "hyprland"
        ]
      },
      "locked": {
        "lastModified": 1778750252,
        "narHash": "sha256-P3wwiIfqo89evW7xzI+wOI/qM1WPZBiiSmGNtBmYeVk=",
        "owner": "outfoxxed",
        "repo": "hy3",
        "rev": "a7282db2d7ca336d3c9faa5d10d75fc43eed37aa",
        "type": "github"
      },
      "original": {
        "owner": "outfoxxed",
        "ref": "refs/tags/hl0.55.0",
        "repo": "hy3",
        "type": "github"
      }
    },
    "hyprcursor": {
      "inputs": {
        "hyprlang": [
          "hyprland",
          "hyprlang"
        ],
        "nixpkgs": [
          "hyprland",
          "nixpkgs"
        ],
        "systems": [
          "hyprland",
          "systems"
        ]
      },
      "locked": {
        "lastModified": 1776511930,
        "narHash": "sha256-fCpwFiTW0rT7oKJqr3cqHMnkwypSwQKpbtUEtxdkgrM=",
        "owner": "hyprwm",
        "repo": "hyprcursor",
        "rev": "39435900785d0c560c6ae8777d29f28617d031ef",
        "type": "github"
      },
      "original": {
        "owner": "hyprwm",
        "repo": "hyprcursor",
        "type": "github"
      }
    },
    "hyprgraphics": {
      "inputs": {
        "hyprutils": [
          "hyprland",
          "hyprutils"
        ],
        "nixpkgs": [
          "hyprland",
          "nixpkgs"
        ],
        "systems": [
          "hyprland",
          "systems"
        ]
      },
      "locked": {
        "lastModified": 1776426399,
        "narHash": "sha256-RUESLKNikIeEq9ymGJ6nmcDXiSFQpUW1IhJ245nL3xM=",
        "owner": "hyprwm",
        "repo": "hyprgraphics",
        "rev": "68d064434787cf1ed4a2fe257c03c5f52f33cf84",
        "type": "github"
      },
      "original": {
        "owner": "hyprwm",
        "repo": "hyprgraphics",
        "type": "github"
      }
    },
    "hyprgraphics_2": {
      "inputs": {
        "hyprutils": [
          "hyprland-guiutils",
          "hyprutils"
        ],
        "nixpkgs": [
          "hyprland-guiutils",
          "nixpkgs"
        ],
        "systems": [
          "hyprland-guiutils",
          "systems"
        ]
      },
      "locked": {
        "lastModified": 1782311097,
        "narHash": "sha256-mfcLh1/ZXEhaHE5uNGCSjlmSSQSV14X9PRX/2Cu8YD8=",
        "owner": "hyprwm",
        "repo": "hyprgraphics",
        "rev": "090db94649f25b476918f8afcfd443c02cc0a4b9",
        "type": "github"
      },
      "original": {
        "owner": "hyprwm",
        "repo": "hyprgraphics",
        "type": "github"
      }
    },
    "hyprland": {
      "inputs": {
        "aquamarine": "aquamarine",
        "hyprcursor": "hyprcursor",
        "hyprgraphics": "hyprgraphics",
        "hyprland-guiutils": "hyprland-guiutils",
        "hyprland-protocols": "hyprland-protocols",
        "hyprlang": "hyprlang",
        "hyprutils": "hyprutils",
        "hyprwayland-scanner": "hyprwayland-scanner",
        "hyprwire": "hyprwire",
        "nixpkgs": "nixpkgs_3",
        "pre-commit-hooks": "pre-commit-hooks",
        "systems": "systems_2",
        "xdph": "xdph"
      },
      "locked": {
        "lastModified": 1781197804,
        "narHash": "sha256-IuT0HnOr/0rAw+GXr+OwWx89FjA4Og1FqP7vywEwRJM=",
        "ref": "refs/tags/v0.55.4",
        "rev": "a0136d8c04687bb36eb8a28eb9d1ff92aea99704",
        "revCount": 7378,
        "submodules": true,
        "type": "git",
        "url": "https://github.com/hyprwm/Hyprland"
      },
      "original": {
        "ref": "refs/tags/v0.55.4",
        "submodules": true,
        "type": "git",
        "url": "https://github.com/hyprwm/Hyprland"
      }
    },
    "hyprland-guiutils": {
      "inputs": {
        "aquamarine": [
          "hyprland",
          "aquamarine"
        ],
        "hyprgraphics": [
          "hyprland",
          "hyprgraphics"
        ],
        "hyprlang": [
          "hyprland",
          "hyprlang"
        ],
        "hyprtoolkit": "hyprtoolkit",
        "hyprutils": [
          "hyprland",
          "hyprutils"
        ],
        "hyprwayland-scanner": [
          "hyprland",
          "hyprwayland-scanner"
        ],
        "nixpkgs": [
          "hyprland",
          "nixpkgs"
        ],
        "systems": [
          "hyprland",
          "systems"
        ]
      },
      "locked": {
        "lastModified": 1776426575,
        "narHash": "sha256-KI6nIfVihn/DPaeB5Et46Xg3dkNHrrEtUd5LBBVomB0=",
        "owner": "hyprwm",
        "repo": "hyprland-guiutils",
        "rev": "a968d211048e3ed538e47b84cb3649299578f19d",
        "type": "github"
      },
      "original": {
        "owner": "hyprwm",
        "repo": "hyprland-guiutils",
        "type": "github"
      }
    },
    "hyprland-guiutils_2": {
      "inputs": {
        "aquamarine": "aquamarine_2",
        "hyprgraphics": "hyprgraphics_2",
        "hyprlang": "hyprlang_2",
        "hyprtoolkit": "hyprtoolkit_2",
        "hyprutils": "hyprutils_2",
        "hyprwayland-scanner": "hyprwayland-scanner_2",
        "nixpkgs": [
          "nixpkgs"
        ],
        "systems": "systems_3"
      },
      "locked": {
        "lastModified": 1782563850,
        "narHash": "sha256-rs/EzgrgPHbCtJjFZN4aR1HYldH/0NtGAempWVpWQTs=",
        "owner": "hyprwm",
        "repo": "hyprland-guiutils",
        "rev": "5ba080ee036c30cb2485f2647ff8a61f7aa08178",
        "type": "github"
      },
      "original": {
        "owner": "hyprwm",
        "repo": "hyprland-guiutils",
        "type": "github"
      }
    },
    "hyprland-protocols": {
      "inputs": {
        "nixpkgs": [
          "hyprland",
          "nixpkgs"
        ],
        "systems": [
          "hyprland",
          "systems"
        ]
      },
      "locked": {
        "lastModified": 1772460177,
        "narHash": "sha256-/6G/MsPvtn7bc4Y32pserBT/Z4SUUdBd4XYJpOEKVR4=",
        "owner": "hyprwm",
        "repo": "hyprland-protocols",
        "rev": "1cb6db5fd6bb8aee419f4457402fa18293ace917",
        "type": "github"
      },
      "original": {
        "owner": "hyprwm",
        "repo": "hyprland-protocols",
        "type": "github"
      }
    },
    "hyprlang": {
      "inputs": {
        "hyprutils": [
          "hyprland",
          "hyprutils"
        ],
        "nixpkgs": [
          "hyprland",
          "nixpkgs"
        ],
        "systems": [
          "hyprland",
          "systems"
        ]
      },
      "locked": {
        "lastModified": 1777320127,
        "narHash": "sha256-Qu+Wf2Bp5qUjyn2YpZNq8a7JyzTGowhT1knrwE38a9U=",
        "owner": "hyprwm",
        "repo": "hyprlang",
        "rev": "090117506ddc3d7f26e650ff344d378c2ec329cc",
        "type": "github"
      },
      "original": {
        "owner": "hyprwm",
        "repo": "hyprlang",
        "type": "github"
      }
    },
    "hyprlang_2": {
      "inputs": {
        "hyprutils": [
          "hyprland-guiutils",
          "hyprutils"
        ],
        "nixpkgs": [
          "hyprland-guiutils",
          "nixpkgs"
        ],
        "systems": [
          "hyprland-guiutils",
          "systems"
        ]
      },
      "locked": {
        "lastModified": 1777320127,
        "narHash": "sha256-Qu+Wf2Bp5qUjyn2YpZNq8a7JyzTGowhT1knrwE38a9U=",
        "owner": "hyprwm",
        "repo": "hyprlang",
        "rev": "090117506ddc3d7f26e650ff344d378c2ec329cc",
        "type": "github"
      },
      "original": {
        "owner": "hyprwm",
        "repo": "hyprlang",
        "type": "github"
      }
    },
    "hyprtoolkit": {
      "inputs": {
        "aquamarine": [
          "hyprland",
          "hyprland-guiutils",
          "aquamarine"
        ],
        "hyprgraphics": [
          "hyprland",
          "hyprland-guiutils",
          "hyprgraphics"
        ],
        "hyprlang": [
          "hyprland",
          "hyprland-guiutils",
          "hyprlang"
        ],
        "hyprutils": [
          "hyprland",
          "hyprland-guiutils",
          "hyprutils"
        ],
        "hyprwayland-scanner": [
          "hyprland",
          "hyprland-guiutils",
          "hyprwayland-scanner"
        ],
        "nixpkgs": [
          "hyprland",
          "hyprland-guiutils",
          "nixpkgs"
        ],
        "systems": [
          "hyprland",
          "hyprland-guiutils",
          "systems"
        ]
      },
      "locked": {
        "lastModified": 1772462885,
        "narHash": "sha256-5pHXrQK9zasMnIo6yME6EOXmWGFMSnCITcfKshhKJ9I=",
        "owner": "hyprwm",
        "repo": "hyprtoolkit",
        "rev": "9af245a69fa6b286b88ddfc340afd288e00a6998",
        "type": "github"
      },
      "original": {
        "owner": "hyprwm",
        "repo": "hyprtoolkit",
        "type": "github"
      }
    },
    "hyprtoolkit_2": {
      "inputs": {
        "aquamarine": [
          "hyprland-guiutils",
          "aquamarine"
        ],
        "hyprgraphics": [
          "hyprland-guiutils",
          "hyprgraphics"
        ],
        "hyprlang": [
          "hyprland-guiutils",
          "hyprlang"
        ],
        "hyprutils": [
          "hyprland-guiutils",
          "hyprutils"
        ],
        "hyprwayland-scanner": [
          "hyprland-guiutils",
          "hyprwayland-scanner"
        ],
        "nixpkgs": [
          "hyprland-guiutils",
          "nixpkgs"
        ],
        "systems": [
          "hyprland-guiutils",
          "systems"
        ]
      },
      "locked": {
        "lastModified": 1782554491,
        "narHash": "sha256-+p3MlyN/nqRefcf2IckPlGRUn9+hielqpS9XClbLleM=",
        "owner": "hyprwm",
        "repo": "hyprtoolkit",
        "rev": "bdba25ced39ea39ab004a8f31593ba0b0ff1ca35",
        "type": "github"
      },
      "original": {
        "owner": "hyprwm",
        "repo": "hyprtoolkit",
        "type": "github"
      }
    },
    "hyprutils": {
      "inputs": {
        "nixpkgs": [
          "hyprland",
          "nixpkgs"
        ],
        "systems": [
          "hyprland",
          "systems"
        ]
      },
      "locked": {
        "lastModified": 1780251518,
        "narHash": "sha256-fG9xbb1SOAAJ+2kJRakp3ch+BmA/3dEg/K3PoAZTKkw=",
        "owner": "hyprwm",
        "repo": "hyprutils",
        "rev": "40ede2e7bdec80ba5d4c443160d905e9f841ae5f",
        "type": "github"
      },
      "original": {
        "owner": "hyprwm",
        "repo": "hyprutils",
        "type": "github"
      }
    },
    "hyprutils_2": {
      "inputs": {
        "nixpkgs": [
          "hyprland-guiutils",
          "nixpkgs"
        ],
        "systems": [
          "hyprland-guiutils",
          "systems"
        ]
      },
      "locked": {
        "lastModified": 1782035033,
        "narHash": "sha256-pUtCphVzH1iNUTMGdJr4+e/yzUXA6/DZwsn+cyfIVJU=",
        "owner": "hyprwm",
        "repo": "hyprutils",
        "rev": "9d8bf6e810597152eef8906c670b96679af2faec",
        "type": "github"
      },
      "original": {
        "owner": "hyprwm",
        "repo": "hyprutils",
        "type": "github"
      }
    },
    "hyprwayland-scanner": {
      "inputs": {
        "nixpkgs": [
          "hyprland",
          "nixpkgs"
        ],
        "systems": [
          "hyprland",
          "systems"
        ]
      },
      "locked": {
        "lastModified": 1777159683,
        "narHash": "sha256-Jxixw6wZphUp+nHYxOKUYSckL17QMBx2d5Zp0rJHr1g=",
        "owner": "hyprwm",
        "repo": "hyprwayland-scanner",
        "rev": "b8632713a6beaf28b56f2a7b0ab2fb7088dbb404",
        "type": "github"
      },
      "original": {
        "owner": "hyprwm",
        "repo": "hyprwayland-scanner",
        "type": "github"
      }
    },
    "hyprwayland-scanner_2": {
      "inputs": {
        "nixpkgs": [
          "hyprland-guiutils",
          "nixpkgs"
        ],
        "systems": [
          "hyprland-guiutils",
          "systems"
        ]
      },
      "locked": {
        "lastModified": 1777159683,
        "narHash": "sha256-Jxixw6wZphUp+nHYxOKUYSckL17QMBx2d5Zp0rJHr1g=",
        "owner": "hyprwm",
        "repo": "hyprwayland-scanner",
        "rev": "b8632713a6beaf28b56f2a7b0ab2fb7088dbb404",
        "type": "github"
      },
      "original": {
        "owner": "hyprwm",
        "repo": "hyprwayland-scanner",
        "type": "github"
      }
    },
    "hyprwire": {
      "inputs": {
        "hyprutils": [
          "hyprland",
          "hyprutils"
        ],
        "nixpkgs": [
          "hyprland",
          "nixpkgs"
        ],
        "systems": [
          "hyprland",
          "systems"
        ]
      },
      "locked": {
        "lastModified": 1778410714,
        "narHash": "sha256-o6RzFj4nJXaPRY7EM01siuCQeT41RfwwmcmFQqwFJJg=",
        "owner": "hyprwm",
        "repo": "hyprwire",
        "rev": "85148a8e612808cf5ddb25d0b3c5840f3498a7dc",
        "type": "github"
      },
      "original": {
        "owner": "hyprwm",
        "repo": "hyprwire",
        "type": "github"
      }
    },
    "impermanence": {
      "inputs": {
        "home-manager": "home-manager_2",
        "nixpkgs": [
          "nixpkgs"
        ]
      },
      "locked": {
        "lastModified": 1769548169,
        "narHash": "sha256-03+JxvzmfwRu+5JafM0DLbxgHttOQZkUtDWBmeUkN8Y=",
        "owner": "nix-community",
        "repo": "impermanence",
        "rev": "7b1d382faf603b6d264f58627330f9faa5cba149",
        "type": "github"
      },
      "original": {
        "owner": "nix-community",
        "repo": "impermanence",
        "type": "github"
      }
    },
    "import-tree": {
      "locked": {
        "lastModified": 1778781969,
        "narHash": "sha256-Jjuz5CmSkur8KvLDoGa+vylEp+RkQtv4mt/qcMznpH0=",
        "owner": "vic",
        "repo": "import-tree",
        "rev": "d321337efd0f23a9eb14a42adb7b2c29313ab274",
        "type": "github"
      },
      "original": {
        "owner": "vic",
        "repo": "import-tree",
        "type": "github"
      }
    },
    "jenkins-mcp": {
      "inputs": {
        "flake-utils": "flake-utils_2",
        "nixpkgs": [
          "nixpkgs"
        ]
      },
      "locked": {
        "lastModified": 1782456165,
        "narHash": "sha256-2vMXWDO8ESDbuCKEqGQaihOcRNGLHRD/KSYY0ygrLh8=",
        "owner": "stubbedev",
        "repo": "jenkins-mcp",
        "rev": "b836f99d9b7e1d6f90899d6503c149325fc37750",
        "type": "github"
      },
      "original": {
        "owner": "stubbedev",
        "repo": "jenkins-mcp",
        "type": "github"
      }
    },
    "lanzaboote": {
      "inputs": {
        "crane": "crane",
        "flake-compat": "flake-compat_2",
        "flake-parts": "flake-parts_2",
        "nixpkgs": [
          "nixpkgs"
        ],
        "pre-commit-hooks-nix": "pre-commit-hooks-nix",
        "rust-overlay": "rust-overlay"
      },
      "locked": {
        "lastModified": 1737639419,
        "narHash": "sha256-AEEDktApTEZ5PZXNDkry2YV2k6t0dTgLPEmAZbnigXU=",
        "owner": "nix-community",
        "repo": "lanzaboote",
        "rev": "a65905a09e2c43ff63be8c0e86a93712361f871e",
        "type": "github"
      },
      "original": {
        "owner": "nix-community",
        "ref": "v0.4.2",
        "repo": "lanzaboote",
        "type": "github"
      }
    },
    "nix-mcp": {
      "inputs": {
        "flake-utils": "flake-utils_3",
        "nixpkgs": [
          "nixpkgs"
        ]
      },
      "locked": {
        "lastModified": 1783323937,
        "narHash": "sha256-DiTxJuRoaT4ZF9a0TpcbS18AednGWukhvq/ZQuXp0mU=",
        "owner": "stubbedev",
        "repo": "nix-mcp",
        "rev": "31fa3849daba6e4325cf20bc43be8421a7254ffd",
        "type": "github"
      },
      "original": {
        "owner": "stubbedev",
        "repo": "nix-mcp",
        "type": "github"
      }
    },
    "nixgl": {
      "inputs": {
        "flake-utils": "flake-utils_4",
        "nixpkgs": [
          "nixpkgs"
        ]
      },
      "locked": {
        "lastModified": 1780323343,
        "narHash": "sha256-TqVmAh3N0apQNMGxZgMnqVMF0jnAH0B9YfEujqK+Of8=",
        "owner": "KeeTraxx",
        "repo": "nixGL",
        "rev": "51471fb4760efda2defba73bc1c264b7ba5364c2",
        "type": "github"
      },
      "original": {
        "owner": "KeeTraxx",
        "ref": "fix-nvidia-kernel-param",
        "repo": "nixGL",
        "type": "github"
      }
    },
    "nixpkgs": {
      "locked": {
        "lastModified": 1783224372,
        "narHash": "sha256-8i/87eeoqiGE4yOTjwSA3Eh/ziJRQEmd/unYU+K27sk=",
        "owner": "NixOS",
        "repo": "nixpkgs",
        "rev": "d407951447dcd00442e97087bf374aad70c04cea",
        "type": "github"
      },
      "original": {
        "owner": "NixOS",
        "ref": "nixos-unstable",
        "repo": "nixpkgs",
        "type": "github"
      }
    },
    "nixpkgs-lib": {
      "locked": {
        "lastModified": 1782614948,
        "narHash": "sha256-ePjCwr1sNm9NYUqywL7QfK3JnlS015msC+eBu2zKlp8=",
        "owner": "nix-community",
        "repo": "nixpkgs.lib",
        "rev": "db3f255737b94216eb71cce308e2912cf6bc2d7c",
        "type": "github"
      },
      "original": {
        "owner": "nix-community",
        "repo": "nixpkgs.lib",
        "type": "github"
      }
    },
    "nixpkgs-stable": {
      "locked": {
        "lastModified": 1730741070,
        "narHash": "sha256-edm8WG19kWozJ/GqyYx2VjW99EdhjKwbY3ZwdlPAAlo=",
        "owner": "NixOS",
        "repo": "nixpkgs",
        "rev": "d063c1dd113c91ab27959ba540c0d9753409edf3",
        "type": "github"
      },
      "original": {
        "owner": "NixOS",
        "ref": "nixos-24.05",
        "repo": "nixpkgs",
        "type": "github"
      }
    },
    "nixpkgs_2": {
      "locked": {
        "lastModified": 1782723713,
        "narHash": "sha256-oPXCU/SSUokcGaJREHibG1CBX3+s/W7orDWQOZDsEeQ=",
        "owner": "nixos",
        "repo": "nixpkgs",
        "rev": "b5aa0fbd538984f6e3d201be0005b4463d8b09f8",
        "type": "github"
      },
      "original": {
        "owner": "nixos",
        "ref": "nixos-unstable",
        "repo": "nixpkgs",
        "type": "github"
      }
    },
    "nixpkgs_3": {
      "locked": {
        "lastModified": 1780749050,
        "narHash": "sha256-3av0pIjlOWQ6rDbNOmpUSvbNnJkGORQKKjb4LtCZsIY=",
        "owner": "NixOS",
        "repo": "nixpkgs",
        "rev": "a799d3e3886da994fa307f817a6bc705ae538eeb",
        "type": "github"
      },
      "original": {
        "owner": "NixOS",
        "ref": "nixos-unstable",
        "repo": "nixpkgs",
        "type": "github"
      }
    },
    "nixpkgs_4": {
      "locked": {
        "lastModified": 1783224372,
        "narHash": "sha256-8i/87eeoqiGE4yOTjwSA3Eh/ziJRQEmd/unYU+K27sk=",
        "owner": "nixos",
        "repo": "nixpkgs",
        "rev": "d407951447dcd00442e97087bf374aad70c04cea",
        "type": "github"
      },
      "original": {
        "owner": "nixos",
        "ref": "nixos-unstable",
        "repo": "nixpkgs",
        "type": "github"
      }
    },
    "nixpkgs_5": {
      "locked": {
        "lastModified": 1783224372,
        "narHash": "sha256-8i/87eeoqiGE4yOTjwSA3Eh/ziJRQEmd/unYU+K27sk=",
        "owner": "NixOS",
        "repo": "nixpkgs",
        "rev": "d407951447dcd00442e97087bf374aad70c04cea",
        "type": "github"
      },
      "original": {
        "owner": "NixOS",
        "ref": "nixos-unstable",
        "repo": "nixpkgs",
        "type": "github"
      }
    },
    "nixpkgs_6": {
      "locked": {
        "lastModified": 1783279667,
        "narHash": "sha256-/NAkDSsve+GNM0Bt6tleJdCGfsTlK89nPjkVOzZMo0s=",
        "owner": "NixOS",
        "repo": "nixpkgs",
        "rev": "f205b5574fd0cb7da5b702a2da51507b7f4fdd1b",
        "type": "github"
      },
      "original": {
        "owner": "NixOS",
        "ref": "nixpkgs-unstable",
        "repo": "nixpkgs",
        "type": "github"
      }
    },
    "nixpkgs_7": {
      "locked": {
        "lastModified": 1781074563,
        "narHash": "sha256-md8WlXOlfnIeHeOScMTTHFyf2d6iaTwPl2apR5EQ3P4=",
        "owner": "NixOS",
        "repo": "nixpkgs",
        "rev": "9ae611a455b90cf061d8f332b977e387bda8e1ca",
        "type": "github"
      },
      "original": {
        "owner": "NixOS",
        "ref": "nixos-unstable",
        "repo": "nixpkgs",
        "type": "github"
      }
    },
    "phpantom_lsp": {
      "inputs": {
        "flake-utils": "flake-utils_5",
        "nixpkgs": [
          "nixpkgs"
        ]
      },
      "locked": {
        "lastModified": 1783570682,
        "narHash": "sha256-pU2XB4OP6Dk/WP9WPkzbd6yK6j91PH+HUZ3aT8SUaas=",
        "owner": "PHPantom-dev",
        "repo": "phpantom_lsp",
        "rev": "faba6f00533f4988e8a0e7966976020d8e7a0abc",
        "type": "github"
      },
      "original": {
        "owner": "PHPantom-dev",
        "repo": "phpantom_lsp",
        "type": "github"
      }
    },
    "pre-commit-hooks": {
      "inputs": {
        "flake-compat": "flake-compat",
        "gitignore": "gitignore",
        "nixpkgs": [
          "hyprland",
          "nixpkgs"
        ]
      },
      "locked": {
        "lastModified": 1778507602,
        "narHash": "sha256-kTwur1wV+01SdqskVMSo6JMEpg71ps3HpbFY2GsflKs=",
        "owner": "cachix",
        "repo": "git-hooks.nix",
        "rev": "61ab0e80d9c7ab14c256b5b453d8b3fb0189ba0a",
        "type": "github"
      },
      "original": {
        "owner": "cachix",
        "repo": "git-hooks.nix",
        "type": "github"
      }
    },
    "pre-commit-hooks-nix": {
      "inputs": {
        "flake-compat": [
          "lanzaboote",
          "flake-compat"
        ],
        "gitignore": "gitignore_2",
        "nixpkgs": [
          "lanzaboote",
          "nixpkgs"
        ],
        "nixpkgs-stable": "nixpkgs-stable"
      },
      "locked": {
        "lastModified": 1731363552,
        "narHash": "sha256-vFta1uHnD29VUY4HJOO/D6p6rxyObnf+InnSMT4jlMU=",
        "owner": "cachix",
        "repo": "pre-commit-hooks.nix",
        "rev": "cd1af27aa85026ac759d5d3fccf650abe7e1bbf0",
        "type": "github"
      },
      "original": {
        "owner": "cachix",
        "repo": "pre-commit-hooks.nix",
        "type": "github"
      }
    },
    "proxy-mcp": {
      "inputs": {
        "flake-utils": "flake-utils_6",
        "nixpkgs": [
          "nixpkgs"
        ]
      },
      "locked": {
        "lastModified": 1783490299,
        "narHash": "sha256-fa/iH78bVLMrZKufey4MHcd+TpCRt5gYwVwLNBVMX98=",
        "owner": "stubbedev",
        "repo": "proxy-mcp",
        "rev": "2a9648ba3b16036512a6abf5b13f1f40795853a8",
        "type": "github"
      },
      "original": {
        "owner": "stubbedev",
        "repo": "proxy-mcp",
        "type": "github"
      }
    },
    "pty-mcp": {
      "inputs": {
        "flake-utils": "flake-utils_7",
        "nixpkgs": "nixpkgs_5"
      },
      "locked": {
        "lastModified": 1783363297,
        "narHash": "sha256-6yfVap/TGvDvfev8e1ABBeBxEx3YN7+TIbF/6lehyt4=",
        "owner": "stubbedev",
        "repo": "pty-mcp",
        "rev": "164fc46af7e6827d4b9e7b6f29952635e718cdc3",
        "type": "github"
      },
      "original": {
        "owner": "stubbedev",
        "repo": "pty-mcp",
        "type": "github"
      }
    },
    "root": {
      "inputs": {
        "atlassian-mcp": "atlassian-mcp",
        "cship": "cship",
        "disko": "disko",
        "ds-mcp": "ds-mcp",
        "fenix": "fenix",
        "flake-parts": "flake-parts",
        "home-manager": "home-manager",
        "html-to-md": "html-to-md",
        "hy3": "hy3",
        "hyprland": "hyprland",
        "hyprland-guiutils": "hyprland-guiutils_2",
        "impermanence": "impermanence",
        "import-tree": "import-tree",
        "jenkins-mcp": "jenkins-mcp",
        "lanzaboote": "lanzaboote",
        "nix-mcp": "nix-mcp",
        "nixgl": "nixgl",
        "nixpkgs": "nixpkgs_4",
        "phpantom_lsp": "phpantom_lsp",
        "proxy-mcp": "proxy-mcp",
        "pty-mcp": "pty-mcp",
        "sentry-mcp": "sentry-mcp",
        "sops-nix": "sops-nix",
        "srv": "srv",
        "treeman": "treeman",
        "wayle": "wayle",
        "wrappers": "wrappers",
        "zsh-fzf-artisan": "zsh-fzf-artisan",
        "zsh-fzf-npm-run": "zsh-fzf-npm-run",
        "zsh-patina": "zsh-patina",
        "zsh-vim-mode": "zsh-vim-mode"
      }
    },
    "rust-analyzer-src": {
      "flake": false,
      "locked": {
        "lastModified": 1782864348,
        "narHash": "sha256-NVYhLbaefeIUftPlo3kS6qr0xd8eFJRodEiaHrvFKR4=",
        "owner": "rust-lang",
        "repo": "rust-analyzer",
        "rev": "0d381ca097a8e0375a19387874d952c0a230ac4f",
        "type": "github"
      },
      "original": {
        "owner": "rust-lang",
        "ref": "nightly",
        "repo": "rust-analyzer",
        "type": "github"
      }
    },
    "rust-overlay": {
      "inputs": {
        "nixpkgs": [
          "lanzaboote",
          "nixpkgs"
        ]
      },
      "locked": {
        "lastModified": 1731897198,
        "narHash": "sha256-Ou7vLETSKwmE/HRQz4cImXXJBr/k9gp4J4z/PF8LzTE=",
        "owner": "oxalica",
        "repo": "rust-overlay",
        "rev": "0be641045af6d8666c11c2c40e45ffc9667839b5",
        "type": "github"
      },
      "original": {
        "owner": "oxalica",
        "repo": "rust-overlay",
        "type": "github"
      }
    },
    "sentry-mcp": {
      "inputs": {
        "nixpkgs": [
          "nixpkgs"
        ]
      },
      "locked": {
        "lastModified": 1782456543,
        "narHash": "sha256-8+BqqOfqwuzVU4fsv87nlGkjdH2qXNleHxNcdX8ifaU=",
        "owner": "stubbedev",
        "repo": "sentry-mcp",
        "rev": "59f80d2f67dfd6f1c5f4c83fbe79d7fc972d299f",
        "type": "github"
      },
      "original": {
        "owner": "stubbedev",
        "repo": "sentry-mcp",
        "type": "github"
      }
    },
    "sops-nix": {
      "inputs": {
        "nixpkgs": [
          "nixpkgs"
        ]
      },
      "locked": {
        "lastModified": 1783174389,
        "narHash": "sha256-aCWC8ngycU7OdJrU2+Je3qf+1a2ykuBvpPhZT/9tXMc=",
        "owner": "Mic92",
        "repo": "sops-nix",
        "rev": "f1406619a3884cd5c47992a70b8b35c9c0fcb4c9",
        "type": "github"
      },
      "original": {
        "owner": "Mic92",
        "repo": "sops-nix",
        "type": "github"
      }
    },
    "srv": {
      "inputs": {
        "flake-utils": "flake-utils_8",
        "nixpkgs": "nixpkgs_6"
      },
      "locked": {
        "lastModified": 1783323130,
        "narHash": "sha256-TVx+0J1iPOU+weZjYw+ZonL8aHo19LrpM+xm1LZbd6I=",
        "owner": "stubbedev",
        "repo": "srv",
        "rev": "cc5a02eedab8a69cb41cee066697545262d89f24",
        "type": "github"
      },
      "original": {
        "owner": "stubbedev",
        "repo": "srv",
        "type": "github"
      }
    },
    "systems": {
      "locked": {
        "lastModified": 1681028828,
        "narHash": "sha256-Vy1rq5AaRuLzOxct8nz4T6wlgyUR7zLU309k9mBC768=",
        "owner": "nix-systems",
        "repo": "default",
        "rev": "da67096a3b9bf56a91d16901293e51ba5b49a27e",
        "type": "github"
      },
      "original": {
        "owner": "nix-systems",
        "repo": "default",
        "type": "github"
      }
    },
    "systems_10": {
      "locked": {
        "lastModified": 1681028828,
        "narHash": "sha256-Vy1rq5AaRuLzOxct8nz4T6wlgyUR7zLU309k9mBC768=",
        "owner": "nix-systems",
        "repo": "default",
        "rev": "da67096a3b9bf56a91d16901293e51ba5b49a27e",
        "type": "github"
      },
      "original": {
        "owner": "nix-systems",
        "repo": "default",
        "type": "github"
      }
    },
    "systems_11": {
      "locked": {
        "lastModified": 1681028828,
        "narHash": "sha256-Vy1rq5AaRuLzOxct8nz4T6wlgyUR7zLU309k9mBC768=",
        "owner": "nix-systems",
        "repo": "default",
        "rev": "da67096a3b9bf56a91d16901293e51ba5b49a27e",
        "type": "github"
      },
      "original": {
        "owner": "nix-systems",
        "repo": "default",
        "type": "github"
      }
    },
    "systems_2": {
      "locked": {
        "lastModified": 1689347949,
        "narHash": "sha256-12tWmuL2zgBgZkdoB6qXZsgJEH9LR3oUgpaQq2RbI80=",
        "owner": "nix-systems",
        "repo": "default-linux",
        "rev": "31732fcf5e8fea42e59c2488ad31a0e651500f68",
        "type": "github"
      },
      "original": {
        "owner": "nix-systems",
        "repo": "default-linux",
        "type": "github"
      }
    },
    "systems_3": {
      "locked": {
        "lastModified": 1689347949,
        "narHash": "sha256-12tWmuL2zgBgZkdoB6qXZsgJEH9LR3oUgpaQq2RbI80=",
        "owner": "nix-systems",
        "repo": "default-linux",
        "rev": "31732fcf5e8fea42e59c2488ad31a0e651500f68",
        "type": "github"
      },
      "original": {
        "owner": "nix-systems",
        "repo": "default-linux",
        "type": "github"
      }
    },
    "systems_4": {
      "locked": {
        "lastModified": 1681028828,
        "narHash": "sha256-Vy1rq5AaRuLzOxct8nz4T6wlgyUR7zLU309k9mBC768=",
        "owner": "nix-systems",
        "repo": "default",
        "rev": "da67096a3b9bf56a91d16901293e51ba5b49a27e",
        "type": "github"
      },
      "original": {
        "owner": "nix-systems",
        "repo": "default",
        "type": "github"
      }
    },
    "systems_5": {
      "locked": {
        "lastModified": 1681028828,
        "narHash": "sha256-Vy1rq5AaRuLzOxct8nz4T6wlgyUR7zLU309k9mBC768=",
        "owner": "nix-systems",
        "repo": "default",
        "rev": "da67096a3b9bf56a91d16901293e51ba5b49a27e",
        "type": "github"
      },
      "original": {
        "owner": "nix-systems",
        "repo": "default",
        "type": "github"
      }
    },
    "systems_6": {
      "locked": {
        "lastModified": 1681028828,
        "narHash": "sha256-Vy1rq5AaRuLzOxct8nz4T6wlgyUR7zLU309k9mBC768=",
        "owner": "nix-systems",
        "repo": "default",
        "rev": "da67096a3b9bf56a91d16901293e51ba5b49a27e",
        "type": "github"
      },
      "original": {
        "owner": "nix-systems",
        "repo": "default",
        "type": "github"
      }
    },
    "systems_7": {
      "locked": {
        "lastModified": 1681028828,
        "narHash": "sha256-Vy1rq5AaRuLzOxct8nz4T6wlgyUR7zLU309k9mBC768=",
        "owner": "nix-systems",
        "repo": "default",
        "rev": "da67096a3b9bf56a91d16901293e51ba5b49a27e",
        "type": "github"
      },
      "original": {
        "owner": "nix-systems",
        "repo": "default",
        "type": "github"
      }
    },
    "systems_8": {
      "locked": {
        "lastModified": 1681028828,
        "narHash": "sha256-Vy1rq5AaRuLzOxct8nz4T6wlgyUR7zLU309k9mBC768=",
        "owner": "nix-systems",
        "repo": "default",
        "rev": "da67096a3b9bf56a91d16901293e51ba5b49a27e",
        "type": "github"
      },
      "original": {
        "owner": "nix-systems",
        "repo": "default",
        "type": "github"
      }
    },
    "systems_9": {
      "locked": {
        "lastModified": 1681028828,
        "narHash": "sha256-Vy1rq5AaRuLzOxct8nz4T6wlgyUR7zLU309k9mBC768=",
        "owner": "nix-systems",
        "repo": "default",
        "rev": "da67096a3b9bf56a91d16901293e51ba5b49a27e",
        "type": "github"
      },
      "original": {
        "owner": "nix-systems",
        "repo": "default",
        "type": "github"
      }
    },
    "treeman": {
      "inputs": {
        "flake-utils": "flake-utils_9",
        "nixpkgs": [
          "nixpkgs"
        ]
      },
      "locked": {
        "lastModified": 1783406875,
        "narHash": "sha256-1kwpFgWlU+pNCxWtcy4t59gYVVXjDNKE+j6YJ52O+oc=",
        "owner": "stubbedev",
        "repo": "treeman",
        "rev": "d8d086458027f16e2ad76b19e4ce14394289d7dd",
        "type": "github"
      },
      "original": {
        "owner": "stubbedev",
        "repo": "treeman",
        "type": "github"
      }
    },
    "wayle": {
      "inputs": {
        "crane": "crane_2",
        "nixpkgs": "nixpkgs_7"
      },
      "locked": {
        "lastModified": 1783489491,
        "narHash": "sha256-sgqi+4LywHiiB3dAsI/Hbpv5JlA7abg0ThgDQ8B/6/w=",
        "ref": "master",
        "rev": "c3e518f87e53ab5626c1339baa65742dcab1b55e",
        "revCount": 851,
        "submodules": true,
        "type": "git",
        "url": "https://github.com/stubbedev/wayle.git"
      },
      "original": {
        "ref": "master",
        "submodules": true,
        "type": "git",
        "url": "https://github.com/stubbedev/wayle.git"
      }
    },
    "wrappers": {
      "inputs": {
        "nixpkgs": [
          "nixpkgs"
        ]
      },
      "locked": {
        "lastModified": 1782135443,
        "narHash": "sha256-vAmbArdCyjqpVW+37aCy/PMBOLIqukUXLQuEKLwUhA4=",
        "owner": "BirdeeHub",
        "repo": "nix-wrapper-modules",
        "rev": "6e7f66fa2cdf4d63162580b438f7fcf87c28a46f",
        "type": "github"
      },
      "original": {
        "owner": "BirdeeHub",
        "repo": "nix-wrapper-modules",
        "type": "github"
      }
    },
    "xdph": {
      "inputs": {
        "hyprland-protocols": [
          "hyprland",
          "hyprland-protocols"
        ],
        "hyprlang": [
          "hyprland",
          "hyprlang"
        ],
        "hyprutils": [
          "hyprland",
          "hyprutils"
        ],
        "hyprwayland-scanner": [
          "hyprland",
          "hyprwayland-scanner"
        ],
        "nixpkgs": [
          "hyprland",
          "nixpkgs"
        ],
        "systems": [
          "hyprland",
          "systems"
        ]
      },
      "locked": {
        "lastModified": 1780133819,
        "narHash": "sha256-0YPKIY3dlnR7SPq7Z8ekFVvzFsfeiAtEj+QUI3KHrlI=",
        "owner": "hyprwm",
        "repo": "xdg-desktop-portal-hyprland",
        "rev": "4a170c0ba96fd37374f93d8f91c9ed91814828ac",
        "type": "github"
      },
      "original": {
        "owner": "hyprwm",
        "repo": "xdg-desktop-portal-hyprland",
        "type": "github"
      }
    },
    "zsh-fzf-artisan": {
      "flake": false,
      "locked": {
        "lastModified": 1783571266,
        "narHash": "sha256-YUAvgyROrmZdb30VkWhSRay5d8iiNI0RrK9jXPVd/vU=",
        "owner": "stubbedev",
        "repo": "zsh-fzf-artisan",
        "rev": "72a473b24f34ff725d9a165a5dbc0dce67d06b2e",
        "type": "github"
      },
      "original": {
        "owner": "stubbedev",
        "repo": "zsh-fzf-artisan",
        "type": "github"
      }
    },
    "zsh-fzf-npm-run": {
      "flake": false,
      "locked": {
        "lastModified": 1776785290,
        "narHash": "sha256-YmQdOTIogxa4+Fj155eq/il37CwnADsZXYsu7LWnCmY=",
        "owner": "stubbedev",
        "repo": "zsh-fzf-npm-run",
        "rev": "1b13c00a7996a0a28a3d9608b28d60668389021b",
        "type": "github"
      },
      "original": {
        "owner": "stubbedev",
        "repo": "zsh-fzf-npm-run",
        "type": "github"
      }
    },
    "zsh-patina": {
      "inputs": {
        "nixpkgs": [
          "nixpkgs"
        ]
      },
      "locked": {
        "lastModified": 1782989899,
        "narHash": "sha256-4c7jpWqdqOslXv9D6v1/E9+dRUUtd7xJtNCHlXfZCtc=",
        "owner": "michel-kraemer",
        "repo": "zsh-patina",
        "rev": "5a0f7889343c1c14ca2b49372a973c7975033e40",
        "type": "github"
      },
      "original": {
        "owner": "michel-kraemer",
        "repo": "zsh-patina",
        "type": "github"
      }
    },
    "zsh-vim-mode": {
      "flake": false,
      "locked": {
        "lastModified": 1772644305,
        "narHash": "sha256-thpKyMw6ozYqqINchu4QL+4yo49f5Dv5pE3c54Cc2uc=",
        "owner": "softmoth",
        "repo": "zsh-vim-mode",
        "rev": "7db6c2c8fced78ea2131a4c5236a901a0a2ae2f5",
        "type": "github"
      },
      "original": {
        "owner": "softmoth",
        "repo": "zsh-vim-mode",
        "type": "github"
      }
    }
  },
  "root": "root",
  "version": 7
}
