{
  "nodes": {
    "ashell": {
      "inputs": {
        "crane": "crane",
        "flake-utils": "flake-utils",
        "nixpkgs": [
          "nixpkgs"
        ],
        "rust-overlay": "rust-overlay"
      },
      "locked": {
        "lastModified": 1749899705,
        "narHash": "sha256-Yftawo2teKxE65zpSyk0q5iKgD924IKiuoSyPjHG75U=",
        "owner": "MalpenZibo",
        "repo": "ashell",
        "rev": "4bf89dc97a5200c96b88034ec6ff92aa45b285a4",
        "type": "github"
      },
      "original": {
        "owner": "MalpenZibo",
        "repo": "ashell",
        "type": "github"
      }
    },
    "crane": {
      "locked": {
        "lastModified": 1748047550,
        "narHash": "sha256-t0qLLqb4C1rdtiY8IFRH5KIapTY/n3Lqt57AmxEv9mk=",
        "owner": "ipetkov",
        "repo": "crane",
        "rev": "b718a78696060df6280196a6f992d04c87a16aef",
        "type": "github"
      },
      "original": {
        "owner": "ipetkov",
        "repo": "crane",
        "type": "github"
      }
    },
    "flake-utils": {
      "inputs": {
        "systems": "systems"
      },
      "locked": {
        "lastModified": 1731533236,
        "narHash": "sha256-l0KFg5HjrsfsO/JpG+r7fRrqm12kzFHyUHqHCVpMMbI=",
        "owner": "numtide",
        "repo": "flake-utils",
        "rev": "11707dc2f618dd54ca8739b309ec4fc024de578b",
        "type": "github"
      },
      "original": {
        "owner": "numtide",
        "repo": "flake-utils",
        "type": "github"
      }
    },
    "flake-utils_2": {
      "locked": {
        "lastModified": 1659877975,
        "narHash": "sha256-zllb8aq3YO3h8B/U0/J1WBgAL8EX5yWf5pMj3G0NAmc=",
        "owner": "numtide",
        "repo": "flake-utils",
        "rev": "c0e246b9b83f637f4681389ecabcb2681b4f3af0",
        "type": "github"
      },
      "original": {
        "owner": "numtide",
        "repo": "flake-utils",
        "type": "github"
      }
    },
    "home-manager": {
      "inputs": {
        "nixpkgs": [
          "nixpkgs"
        ]
      },
      "locked": {
        "lastModified": 1749657191,
        "narHash": "sha256-QLilaHuhGxiwhgceDWESj9gFcKIdEp7+9lRqNGpN8S4=",
        "owner": "nix-community",
        "repo": "home-manager",
        "rev": "faeab32528a9360e9577ff4082de2d35c6bbe1ce",
        "type": "github"
      },
      "original": {
        "owner": "nix-community",
        "repo": "home-manager",
        "type": "github"
      }
    },
    "nixGL": {
      "inputs": {
        "flake-utils": "flake-utils_2",
        "nixpkgs": [
          "nixpkgs"
        ]
      },
      "locked": {
        "lastModified": 1713543440,
        "narHash": "sha256-lnzZQYG0+EXl/6NkGpyIz+FEOc/DSEG57AP1VsdeNrM=",
        "owner": "guibou",
        "repo": "nixGL",
        "rev": "310f8e49a149e4c9ea52f1adf70cdc768ec53f8a",
        "type": "github"
      },
      "original": {
        "owner": "guibou",
        "repo": "nixGL",
        "type": "github"
      }
    },
    "nixpkgs": {
      "locked": {
        "lastModified": 1749285348,
        "narHash": "sha256-frdhQvPbmDYaScPFiCnfdh3B/Vh81Uuoo0w5TkWmmjU=",
        "owner": "nixos",
        "repo": "nixpkgs",
        "rev": "3e3afe5174c561dee0df6f2c2b2236990146329f",
        "type": "github"
      },
      "original": {
        "owner": "nixos",
        "ref": "nixos-unstable",
        "repo": "nixpkgs",
        "type": "github"
      }
    },
    "root": {
      "inputs": {
        "ashell": "ashell",
        "home-manager": "home-manager",
        "nixGL": "nixGL",
        "nixpkgs": "nixpkgs"
      }
    },
    "rust-overlay": {
      "inputs": {
        "nixpkgs": [
          "ashell",
          "nixpkgs"
        ]
      },
      "locked": {
        "lastModified": 1748140821,
        "narHash": "sha256-GZcjWLQtDifSYMd1ueLDmuVTcQQdD5mONIBTqABooOk=",
        "owner": "oxalica",
        "repo": "rust-overlay",
        "rev": "476b2ba7dc99ddbf70b1f45357dbbdbdbdfb4422",
        "type": "github"
      },
      "original": {
        "owner": "oxalica",
        "repo": "rust-overlay",
        "type": "github"
      }
    },
    "systems": {
      "locked": {
        "lastModified": 1681028828,
        "narHash": "sha256-Vy1rq5AaRuLzOxct8nz4T6wlgyUR7zLU309k9mBC768=",
        "owner": "nix-systems",
        "repo": "default",
        "rev": "da67096a3b9bf56a91d16901293e51ba5b49a27e",
        "type": "github"
      },
      "original": {
        "owner": "nix-systems",
        "repo": "default",
        "type": "github"
      }
    }
  },
  "root": "root",
  "version": 7
}
